// !$*UTF8*$!
{
	archiveVersion = 1;
	classes = {
	};
	objectVersion = 55;
	objects = {

/* Begin PBXBuildFile section */
		7C44EDF527ECC1370016FCF3 /* Egg_TimerApp.swift in Sources */ = {isa = PBXBuildFile; fileRef = 7C44EDF427ECC1370016FCF3 /* Egg_TimerApp.swift */; };
		7C44EDF727ECC1370016FCF3 /* ContentView.swift in Sources */ = {isa = PBXBuildFile; fileRef = 7C44EDF627ECC1370016FCF3 /* ContentView.swift */; };
		7C44EDF927ECC1370016FCF3 /* Assets.xcassets in Resources */ = {isa = PBXBuildFile; fileRef = 7C44EDF827ECC1370016FCF3 /* Assets.xcassets */; };
		7C44EDFC27ECC1370016FCF3 /* Preview Assets.xcassets in Resources */ = {isa = PBXBuildFile; fileRef = 7C44EDFB27ECC1370016FCF3 /* Preview Assets.xcassets */; };
		7C44EDFE27ECC1370016FCF3 /* Persistence.swift in Sources */ = {isa = PBXBuildFile; fileRef = 7C44EDFD27ECC1370016FCF3 /* Persistence.swift */; };
		7C44EE0127ECC1370016FCF3 /* Egg_Timer.xcdatamodeld in Sources */ = {isa = PBXBuildFile; fileRef = 7C44EDFF27ECC1370016FCF3 /* Egg_Timer.xcdatamodeld */; };
		7C44EE0B27ECC1380016FCF3 /* Egg_TimerTests.swift in Sources */ = {isa = PBXBuildFile; fileRef = 7C44EE0A27ECC1380016FCF3 /* Egg_TimerTests.swift */; };
		7C44EE1527ECC1380016FCF3 /* Egg_TimerUITests.swift in Sources */ = {isa = PBXBuildFile; fileRef = 7C44EE1427ECC1380016FCF3 /* Egg_TimerUITests.swift */; };
		7C44EE1727ECC1380016FCF3 /* Egg_TimerUITestsLaunchTests.swift in Sources */ = {isa = PBXBuildFile; fileRef = 7C44EE1627ECC1380016FCF3 /* Egg_TimerUITestsLaunchTests.swift */; };
		7C44EE2427ECC1770016FCF3 /* EggTimer_alarm_sound.mp3 in Resources */ = {isa = PBXBuildFile; fileRef = 7C44EE2327ECC1770016FCF3 /* EggTimer_alarm_sound.mp3 */; };
		7C6C4E1427ECE8870049E117 /* Sounds.swift in Sources */ = {isa = PBXBuildFile; fileRef = 7C6C4E1327ECE8870049E117 /* Sounds.swift */; };
/* End PBXBuildFile section */

/* Begin PBXContainerItemProxy section */
		7C44EE0727ECC1380016FCF3 /* PBXContainerItemProxy */ = {
			isa = PBXContainerItemProxy;
			containerPortal = 7C44EDE927ECC1370016FCF3 /* Project object */;
			proxyType = 1;
			remoteGlobalIDString = 7C44EDF027ECC1370016FCF3;
			remoteInfo = "Egg-Timer";
		};
		7C44EE1127ECC1380016FCF3 /* PBXContainerItemProxy */ = {
			isa = PBXContainerItemProxy;
			containerPortal = 7C44EDE927ECC1370016FCF3 /* Project object */;
			proxyType = 1;
			remoteGlobalIDString = 7C44EDF027ECC1370016FCF3;
			remoteInfo = "Egg-Timer";
		};
/* End PBXContainerItemProxy section */

/* Begin PBXFileReference section */
		7C44EDF127ECC1370016FCF3 /* Egg-Timer.app */ = {isa = PBXFileReference; explicitFileType = wrapper.application; includeInIndex = 0; path = "Egg-Timer.app"; sourceTree = BUILT_PRODUCTS_DIR; };
		7C44EDF427ECC1370016FCF3 /* Egg_TimerApp.swift */ = {isa = PBXFileReference; lastKnownFileType = sourcecode.swift; path = Egg_TimerApp.swift; sourceTree = "<group>"; };
		7C44EDF627ECC1370016FCF3 /* ContentView.swift */ = {isa = PBXFileReference; lastKnownFileType = sourcecode.swift; path = ContentView.swift; sourceTree = "<group>"; };
		7C44EDF827ECC1370016FCF3 /* Assets.xcassets */ = {isa = PBXFileReference; lastKnownFileType = folder.assetcatalog; path = Assets.xcassets; sourceTree = "<group>"; };
		7C44EDFB27ECC1370016FCF3 /* Preview Assets.xcassets */ = {isa = PBXFileReference; lastKnownFileType = folder.assetcatalog; path = "Preview Assets.xcassets"; sourceTree = "<group>"; };
		7C44EDFD27ECC1370016FCF3 /* Persistence.swift */ = {isa = PBXFileReference; lastKnownFileType = sourcecode.swift; path = Persistence.swift; sourceTree = "<group>"; };
		7C44EE0027ECC1370016FCF3 /* Egg_Timer.xcdatamodel */ = {isa = PBXFileReference; lastKnownFileType = wrapper.xcdatamodel; path = Egg_Timer.xcdatamodel; sourceTree = "<group>"; };
		7C44EE0627ECC1380016FCF3 /* Egg-TimerTests.xctest */ = {isa = PBXFileReference; explicitFileType = wrapper.cfbundle; includeInIndex = 0; path = "Egg-TimerTests.xctest"; sourceTree = BUILT_PRODUCTS_DIR; };
		7C44EE0A27ECC1380016FCF3 /* Egg_TimerTests.swift */ = {isa = PBXFileReference; lastKnownFileType = sourcecode.swift; path = Egg_TimerTests.swift; sourceTree = "<group>"; };
		7C44EE1027ECC1380016FCF3 /* Egg-TimerUITests.xctest */ = {isa = PBXFileReference; explicitFileType = wrapper.cfbundle; includeInIndex = 0; path = "Egg-TimerUITests.xctest"; sourceTree = BUILT_PRODUCTS_DIR; };
		7C44EE1427ECC1380016FCF3 /* Egg_TimerUITests.swift */ = {isa = PBXFileReference; lastKnownFileType = sourcecode.swift; path = Egg_TimerUITests.swift; sourceTree = "<group>"; };
		7C44EE1627ECC1380016FCF3 /* Egg_TimerUITestsLaunchTests.swift */ = {isa = PBXFileReference; lastKnownFileType = sourcecode.swift; path = Egg_TimerUITestsLaunchTests.swift; sourceTree = "<group>"; };
		7C44EE2327ECC1770016FCF3 /* EggTimer_alarm_sound.mp3 */ = {isa = PBXFileReference; lastKnownFileType = audio.mp3; path = EggTimer_alarm_sound.mp3; sourceTree = "<group>"; };
		7C6C4E1327ECE8870049E117 /* Sounds.swift */ = {isa = PBXFileReference; lastKnownFileType = sourcecode.swift; path = Sounds.swift; sourceTree = "<group>"; };
/* End PBXFileReference section */

/* Begin PBXFrameworksBuildPhase section */
		7C44EDEE27ECC1370016FCF3 /* Frameworks */ = {
			isa = PBXFrameworksBuildPhase;
			buildActionMask = 2147483647;
			files = (
			);
			runOnlyForDeploymentPostprocessing = 0;
		};
		7C44EE0327ECC1380016FCF3 /* Frameworks */ = {
			isa = PBXFrameworksBuildPhase;
			buildActionMask = 2147483647;
			files = (
			);
			runOnlyForDeploymentPostprocessing = 0;
		};
		7C44EE0D27ECC1380016FCF3 /* Frameworks */ = {
			isa = PBXFrameworksBuildPhase;
			buildActionMask = 2147483647;
			files = (
			);
			runOnlyForDeploymentPostprocessing = 0;
		};
/* End PBXFrameworksBuildPhase section */

/* Begin PBXGroup section */
		7C44EDE827ECC1370016FCF3 = {
			isa = PBXGroup;
			children = (
				7C44EDF327ECC1370016FCF3 /* Egg-Timer */,
				7C44EE0927ECC1380016FCF3 /* Egg-TimerTests */,
				7C44EE1327ECC1380016FCF3 /* Egg-TimerUITests */,
				7C44EDF227ECC1370016FCF3 /* Products */,
			);
			sourceTree = "<group>";
		};
		7C44EDF227ECC1370016FCF3 /* Products */ = {
			isa = PBXGroup;
			children = (
				7C44EDF127ECC1370016FCF3 /* Egg-Timer.app */,
				7C44EE0627ECC1380016FCF3 /* Egg-TimerTests.xctest */,
				7C44EE1027ECC1380016FCF3 /* Egg-TimerUITests.xctest */,
			);
			name = Products;
			sourceTree = "<group>";
		};
		7C44EDF327ECC1370016FCF3 /* Egg-Timer */ = {
			isa = PBXGroup;
			children = (
				7C44EDF427ECC1370016FCF3 /* Egg_TimerApp.swift */,
				7C44EDF627ECC1370016FCF3 /* ContentView.swift */,
				7C44EDF827ECC1370016FCF3 /* Assets.xcassets */,
				7C44EE2327ECC1770016FCF3 /* EggTimer_alarm_sound.mp3 */,
				7C44EDFD27ECC1370016FCF3 /* Persistence.swift */,
				7C44EDFF27ECC1370016FCF3 /* Egg_Timer.xcdatamodeld */,
				7C44EDFA27ECC1370016FCF3 /* Preview Content */,
				7C6C4E1327ECE8870049E117 /* Sounds.swift */,
			);
			path = "Egg-Timer";
			sourceTree = "<group>";
		};
		7C44EDFA27ECC1370016FCF3 /* Preview Content */ = {
			isa = PBXGroup;
			children = (
				7C44EDFB27ECC1370016FCF3 /* Preview Assets.xcassets */,
			);
			path = "Preview Content";
			sourceTree = "<group>";
		};
		7C44EE0927ECC1380016FCF3 /* Egg-TimerTests */ = {
			isa = PBXGroup;
			children = (
				7C44EE0A27ECC1380016FCF3 /* Egg_TimerTests.swift */,
			);
			path = "Egg-TimerTests";
			sourceTree = "<group>";
		};
		7C44EE1327ECC1380016FCF3 /* Egg-TimerUITests */ = {
			isa = PBXGroup;
			children = (
				7C44EE1427ECC1380016FCF3 /* Egg_TimerUITests.swift */,
				7C44EE1627ECC1380016FCF3 /* Egg_TimerUITestsLaunchTests.swift */,
			);
			path = "Egg-TimerUITests";
			sourceTree = "<group>";
		};
/* End PBXGroup section */

/* Begin PBXNativeTarget section */
		7C44EDF027ECC1370016FCF3 /* Egg-Timer */ = {
			isa = PBXNativeTarget;
			buildConfigurationList = 7C44EE1A27ECC1380016FCF3 /* Build configuration list for PBXNativeTarget "Egg-Timer" */;
			buildPhases = (
				7C44EDED27ECC1370016FCF3 /* Sources */,
				7C44EDEE27ECC1370016FCF3 /* Frameworks */,
				7C44EDEF27ECC1370016FCF3 /* Resources */,
			);
			buildRules = (
			);
			dependencies = (
			);
			name = "Egg-Timer";
			productName = "Egg-Timer";
			productReference = 7C44EDF127ECC1370016FCF3 /* Egg-Timer.app */;
			productType = "com.apple.product-type.application";
		};
		7C44EE0527ECC1380016FCF3 /* Egg-TimerTests */ = {
			isa = PBXNativeTarget;
			buildConfigurationList = 7C44EE1D27ECC1380016FCF3 /* Build configuration list for PBXNativeTarget "Egg-TimerTests" */;
			buildPhases = (
				7C44EE0227ECC1380016FCF3 /* Sources */,
				7C44EE0327ECC1380016FCF3 /* Frameworks */,
				7C44EE0427ECC1380016FCF3 /* Resources */,
			);
			buildRules = (
			);
			dependencies = (
				7C44EE0827ECC1380016FCF3 /* PBXTargetDependency */,
			);
			name = "Egg-TimerTests";
			productName = "Egg-TimerTests";
			productReference = 7C44EE0627ECC1380016FCF3 /* Egg-TimerTests.xctest */;
			productType = "com.apple.product-type.bundle.unit-test";
		};
		7C44EE0F27ECC1380016FCF3 /* Egg-TimerUITests */ = {
			isa = PBXNativeTarget;
			buildConfigurationList = 7C44EE2027ECC1380016FCF3 /* Build configuration list for PBXNativeTarget "Egg-TimerUITests" */;
			buildPhases = (
				7C44EE0C27ECC1380016FCF3 /* Sources */,
				7C44EE0D27ECC1380016FCF3 /* Frameworks */,
				7C44EE0E27ECC1380016FCF3 /* Resources */,
			);
			buildRules = (
			);
			dependencies = (
				7C44EE1227ECC1380016FCF3 /* PBXTargetDependency */,
			);
			name = "Egg-TimerUITests";
			productName = "Egg-TimerUITests";
			productReference = 7C44EE1027ECC1380016FCF3 /* Egg-TimerUITests.xctest */;
			productType = "com.apple.product-type.bundle.ui-testing";
		};
/* End PBXNativeTarget section */

/* Begin PBXProject section */
		7C44EDE927ECC1370016FCF3 /* Project object */ = {
			isa = PBXProject;
			attributes = {
				BuildIndependentTargetsInParallel = 1;
				LastSwiftUpdateCheck = 1330;
				LastUpgradeCheck = 1330;
				TargetAttributes = {
					7C44EDF027ECC1370016FCF3 = {
						CreatedOnToolsVersion = 13.3;
					};
					7C44EE0527ECC1380016FCF3 = {
						CreatedOnToolsVersion = 13.3;
						TestTargetID = 7C44EDF027ECC1370016FCF3;
					};
					7C44EE0F27ECC1380016FCF3 = {
						CreatedOnToolsVersion = 13.3;
						TestTargetID = 7C44EDF027ECC1370016FCF3;
					};
				};
			};
			buildConfigurationList = 7C44EDEC27ECC1370016FCF3 /* Build configuration list for PBXProject "Egg-Timer" */;
			compatibilityVersion = "Xcode 13.0";
			developmentRegion = en;
			hasScannedForEncodings = 0;
			knownRegions = (
				en,
				Base,
			);
			mainGroup = 7C44EDE827ECC1370016FCF3;
			productRefGroup = 7C44EDF227ECC1370016FCF3 /* Products */;
			projectDirPath = "";
			projectRoot = "";
			targets = (
				7C44EDF027ECC1370016FCF3 /* Egg-Timer */,
				7C44EE0527ECC1380016FCF3 /* Egg-TimerTests */,
				7C44EE0F27ECC1380016FCF3 /* Egg-TimerUITests */,
			);
		};
/* End PBXProject section */

/* Begin PBXResourcesBuildPhase section */
		7C44EDEF27ECC1370016FCF3 /* Resources */ = {
			isa = PBXResourcesBuildPhase;
			buildActionMask = 2147483647;
			files = (
				7C44EDFC27ECC1370016FCF3 /* Preview Assets.xcassets in Resources */,
				7C44EDF927ECC1370016FCF3 /* Assets.xcassets in Resources */,
				7C44EE2427ECC1770016FCF3 /* EggTimer_alarm_sound.mp3 in Resources */,
			);
			runOnlyForDeploymentPostprocessing = 0;
		};
		7C44EE0427ECC1380016FCF3 /* Resources */ = {
			isa = PBXResourcesBuildPhase;
			buildActionMask = 2147483647;
			files = (
			);
			runOnlyForDeploymentPostprocessing = 0;
		};
		7C44EE0E27ECC1380016FCF3 /* Resources */ = {
			isa = PBXResourcesBuildPhase;
			buildActionMask = 2147483647;
			files = (
			);
			runOnlyForDeploymentPostprocessing = 0;
		};
/* End PBXResourcesBuildPhase section */

/* Begin PBXSourcesBuildPhase section */
		7C44EDED27ECC1370016FCF3 /* Sources */ = {
			isa = PBXSourcesBuildPhase;
			buildActionMask = 2147483647;
			files = (
				7C44EDFE27ECC1370016FCF3 /* Persistence.swift in Sources */,
				7C44EE0127ECC1370016FCF3 /* Egg_Timer.xcdatamodeld in Sources */,
				7C6C4E1427ECE8870049E117 /* Sounds.swift in Sources */,
				7C44EDF727ECC1370016FCF3 /* ContentView.swift in Sources */,
				7C44EDF527ECC1370016FCF3 /* Egg_TimerApp.swift in Sources */,
			);
			runOnlyForDeploymentPostprocessing = 0;
		};
		7C44EE0227ECC1380016FCF3 /* Sources */ = {
			isa = PBXSourcesBuildPhase;
			buildActionMask = 2147483647;
			files = (
				7C44EE0B27ECC1380016FCF3 /* Egg_TimerTests.swift in Sources */,
			);
			runOnlyForDeploymentPostprocessing = 0;
		};
		7C44EE0C27ECC1380016FCF3 /* Sources */ = {
			isa = PBXSourcesBuildPhase;
			buildActionMask = 2147483647;
			files = (
				7C44EE1727ECC1380016FCF3 /* Egg_TimerUITestsLaunchTests.swift in Sources */,
				7C44EE1527ECC1380016FCF3 /* Egg_TimerUITests.swift in Sources */,
			);
			runOnlyForDeploymentPostprocessing = 0;
		};
/* End PBXSourcesBuildPhase section */

/* Begin PBXTargetDependency section */
		7C44EE0827ECC1380016FCF3 /* PBXTargetDependency */ = {
			isa = PBXTargetDependency;
			target = 7C44EDF027ECC1370016FCF3 /* Egg-Timer */;
			targetProxy = 7C44EE0727ECC1380016FCF3 /* PBXContainerItemProxy */;
		};
		7C44EE1227ECC1380016FCF3 /* PBXTargetDependency */ = {
			isa = PBXTargetDependency;
			target = 7C44EDF027ECC1370016FCF3 /* Egg-Timer */;
			targetProxy = 7C44EE1127ECC1380016FCF3 /* PBXContainerItemProxy */;
		};
/* End PBXTargetDependency section */

/* Begin XCBuildConfiguration section */
		7C44EE1827ECC1380016FCF3 /* Debug */ = {
			isa = XCBuildConfiguration;
			buildSettings = {
				ALWAYS_SEARCH_USER_PATHS = NO;
				CLANG_ANALYZER_NONNULL = YES;
				CLANG_ANALYZER_NUMBER_OBJECT_CONVERSION = YES_AGGRESSIVE;
				CLANG_CXX_LANGUAGE_STANDARD = "gnu++17";
				CLANG_ENABLE_MODULES = YES;
				CLANG_ENABLE_OBJC_ARC = YES;
				CLANG_ENABLE_OBJC_WEAK = YES;
				CLANG_WARN_BLOCK_CAPTURE_AUTORELEASING = YES;
				CLANG_WARN_BOOL_CONVERSION = YES;
				CLANG_WARN_COMMA = YES;
				CLANG_WARN_CONSTANT_CONVERSION = YES;
				CLANG_WARN_DEPRECATED_OBJC_IMPLEMENTATIONS = YES;
				CLANG_WARN_DIRECT_OBJC_ISA_USAGE = YES_ERROR;
				CLANG_WARN_DOCUMENTATION_COMMENTS = YES;
				CLANG_WARN_EMPTY_BODY = YES;
				CLANG_WARN_ENUM_CONVERSION = YES;
				CLANG_WARN_INFINITE_RECURSION = YES;
				CLANG_WARN_INT_CONVERSION = YES;
				CLANG_WARN_NON_LITERAL_NULL_CONVERSION = YES;
				CLANG_WARN_OBJC_IMPLICIT_RETAIN_SELF = YES;
				CLANG_WARN_OBJC_LITERAL_CONVERSION = YES;
				CLANG_WARN_OBJC_ROOT_CLASS = YES_ERROR;
				CLANG_WARN_QUOTED_INCLUDE_IN_FRAMEWORK_HEADER = YES;
				CLANG_WARN_RANGE_LOOP_ANALYSIS = YES;
				CLANG_WARN_STRICT_PROTOTYPES = YES;
				CLANG_WARN_SUSPICIOUS_MOVE = YES;
				CLANG_WARN_UNGUARDED_AVAILABILITY = YES_AGGRESSIVE;
				CLANG_WARN_UNREACHABLE_CODE = YES;
				CLANG_WARN__DUPLICATE_METHOD_MATCH = YES;
				COPY_PHASE_STRIP = NO;
				DEBUG_INFORMATION_FORMAT = dwarf;
				ENABLE_STRICT_OBJC_MSGSEND = YES;
				ENABLE_TESTABILITY = YES;
				GCC_C_LANGUAGE_STANDARD = gnu11;
				GCC_DYNAMIC_NO_PIC = NO;
				GCC_NO_COMMON_BLOCKS = YES;
				GCC_OPTIMIZATION_LEVEL = 0;
				GCC_PREPROCESSOR_DEFINITIONS = (
					"DEBUG=1",
					"$(inherited)",
				);
				GCC_WARN_64_TO_32_BIT_CONVERSION = YES;
				GCC_WARN_ABOUT_RETURN_TYPE = YES_ERROR;
				GCC_WARN_UNDECLARED_SELECTOR = YES;
				GCC_WARN_UNINITIALIZED_AUTOS = YES_AGGRESSIVE;
				GCC_WARN_UNUSED_FUNCTION = YES;
				GCC_WARN_UNUSED_VARIABLE = YES;
				IPHONEOS_DEPLOYMENT_TARGET = 15.4;
				MTL_ENABLE_DEBUG_INFO = INCLUDE_SOURCE;
				MTL_FAST_MATH = YES;
				ONLY_ACTIVE_ARCH = YES;
				SDKROOT = iphoneos;
				SWIFT_ACTIVE_COMPILATION_CONDITIONS = DEBUG;
				SWIFT_OPTIMIZATION_LEVEL = "-Onone";
			};
			name = Debug;
		};
		7C44EE1927ECC1380016FCF3 /* Release */ = {
			isa = XCBuildConfiguration;
			buildSettings = {
				ALWAYS_SEARCH_USER_PATHS = NO;
				CLANG_ANALYZER_NONNULL = YES;
				CLANG_ANALYZER_NUMBER_OBJECT_CONVERSION = YES_AGGRESSIVE;
				CLANG_CXX_LANGUAGE_STANDARD = "gnu++17";
				CLANG_ENABLE_MODULES = YES;
				CLANG_ENABLE_OBJC_ARC = YES;
				CLANG_ENABLE_OBJC_WEAK = YES;
				CLANG_WARN_BLOCK_CAPTURE_AUTORELEASING = YES;
				CLANG_WARN_BOOL_CONVERSION = YES;
				CLANG_WARN_COMMA = YES;
				CLANG_WARN_CONSTANT_CONVERSION = YES;
				CLANG_WARN_DEPRECATED_OBJC_IMPLEMENTATIONS = YES;
				CLANG_WARN_DIRECT_OBJC_ISA_USAGE = YES_ERROR;
				CLANG_WARN_DOCUMENTATION_COMMENTS = YES;
				CLANG_WARN_EMPTY_BODY = YES;
				CLANG_WARN_ENUM_CONVERSION = YES;
				CLANG_WARN_INFINITE_RECURSION = YES;
				CLANG_WARN_INT_CONVERSION = YES;
				CLANG_WARN_NON_LITERAL_NULL_CONVERSION = YES;
				CLANG_WARN_OBJC_IMPLICIT_RETAIN_SELF = YES;
				CLANG_WARN_OBJC_LITERAL_CONVERSION = YES;
				CLANG_WARN_OBJC_ROOT_CLASS = YES_ERROR;
				CLANG_WARN_QUOTED_INCLUDE_IN_FRAMEWORK_HEADER = YES;
				CLANG_WARN_RANGE_LOOP_ANALYSIS = YES;
				CLANG_WARN_STRICT_PROTOTYPES = YES;
				CLANG_WARN_SUSPICIOUS_MOVE = YES;
				CLANG_WARN_UNGUARDED_AVAILABILITY = YES_AGGRESSIVE;
				CLANG_WARN_UNREACHABLE_CODE = YES;
				CLANG_WARN__DUPLICATE_METHOD_MATCH = YES;
				COPY_PHASE_STRIP = NO;
				DEBUG_INFORMATION_FORMAT = "dwarf-with-dsym";
				ENABLE_NS_ASSERTIONS = NO;
				ENABLE_STRICT_OBJC_MSGSEND = YES;
				GCC_C_LANGUAGE_STANDARD = gnu11;
				GCC_NO_COMMON_BLOCKS = YES;
				GCC_WARN_64_TO_32_BIT_CONVERSION = YES;
				GCC_WARN_ABOUT_RETURN_TYPE = YES_ERROR;
				GCC_WARN_UNDECLARED_SELECTOR = YES;
				GCC_WARN_UNINITIALIZED_AUTOS = YES_AGGRESSIVE;
				GCC_WARN_UNUSED_FUNCTION = YES;
				GCC_WARN_UNUSED_VARIABLE = YES;
				IPHONEOS_DEPLOYMENT_TARGET = 15.4;
				MTL_ENABLE_DEBUG_INFO = NO;
				MTL_FAST_MATH = YES;
				SDKROOT = iphoneos;
				SWIFT_COMPILATION_MODE = wholemodule;
				SWIFT_OPTIMIZATION_LEVEL = "-O";
				VALIDATE_PRODUCT = YES;
			};
			name = Release;
		};
		7C44EE1B27ECC1380016FCF3 /* Debug */ = {
			isa = XCBuildConfiguration;
			buildSettings = {
				ASSETCATALOG_COMPILER_APPICON_NAME = AppIcon;
				ASSETCATALOG_COMPILER_GLOBAL_ACCENT_COLOR_NAME = AccentColor;
				CODE_SIGN_STYLE = Automatic;
				CURRENT_PROJECT_VERSION = 1;
				DEVELOPMENT_ASSET_PATHS = "\"Egg-Timer/Preview Content\"";
				DEVELOPMENT_TEAM = HLJPPMC6NY;
				ENABLE_PREVIEWS = YES;
				GENERATE_INFOPLIST_FILE = YES;
				INFOPLIST_KEY_UIApplicationSceneManifest_Generation = YES;
				INFOPLIST_KEY_UIApplicationSupportsIndirectInputEvents = YES;
				INFOPLIST_KEY_UILaunchScreen_Generation = YES;
				INFOPLIST_KEY_UISupportedInterfaceOrientations_iPad = "UIInterfaceOrientationPortrait UIInterfaceOrientationPortraitUpsideDown UIInterfaceOrientationLandscapeLeft UIInterfaceOrientationLandscapeRight";
				INFOPLIST_KEY_UISupportedInterfaceOrientations_iPhone = "UIInterfaceOrientationPortrait UIInterfaceOrientationLandscapeLeft UIInterfaceOrientationLandscapeRight";
				LD_RUNPATH_SEARCH_PATHS = (
					"$(inherited)",
					"@executable_path/Frameworks",
				);
				MARKETING_VERSION = 1.0;
				PRODUCT_BUNDLE_IDENTIFIER = "com.Quilty.Egg-Timer";
				PRODUCT_NAME = "$(TARGET_NAME)";
				SWIFT_EMIT_LOC_STRINGS = YES;
				SWIFT_VERSION = 5.0;
				TARGETED_DEVICE_FAMILY = "1,2";
			};
			name = Debug;
		};
		7C44EE1C27ECC1380016FCF3 /* Release */ = {
			isa = XCBuildConfiguration;
			buildSettings = {
				ASSETCATALOG_COMPILER_APPICON_NAME = AppIcon;
				ASSETCATALOG_COMPILER_GLOBAL_ACCENT_COLOR_NAME = AccentColor;
				CODE_SIGN_STYLE = Automatic;
				CURRENT_PROJECT_VERSION = 1;
				DEVELOPMENT_ASSET_PATHS = "\"Egg-Timer/Preview Content\"";
				DEVELOPMENT_TEAM = HLJPPMC6NY;
				ENABLE_PREVIEWS = YES;
				GENERATE_INFOPLIST_FILE = YES;
				INFOPLIST_KEY_UIApplicationSceneManifest_Generation = YES;
				INFOPLIST_KEY_UIApplicationSupportsIndirectInputEvents = YES;
				INFOPLIST_KEY_UILaunchScreen_Generation = YES;
				INFOPLIST_KEY_UISupportedInterfaceOrientations_iPad = "UIInterfaceOrientationPortrait UIInterfaceOrientationPortraitUpsideDown UIInterfaceOrientationLandscapeLeft UIInterfaceOrientationLandscapeRight";
				INFOPLIST_KEY_UISupportedInterfaceOrientations_iPhone = "UIInterfaceOrientationPortrait UIInterfaceOrientationLandscapeLeft UIInterfaceOrientationLandscapeRight";
				LD_RUNPATH_SEARCH_PATHS = (
					"$(inherited)",
					"@executable_path/Frameworks",
				);
				MARKETING_VERSION = 1.0;
				PRODUCT_BUNDLE_IDENTIFIER = "com.Quilty.Egg-Timer";
				PRODUCT_NAME = "$(TARGET_NAME)";
				SWIFT_EMIT_LOC_STRINGS = YES;
				SWIFT_VERSION = 5.0;
				TARGETED_DEVICE_FAMILY = "1,2";
			};
			name = Release;
		};
		7C44EE1E27ECC1380016FCF3 /* Debug */ = {
			isa = XCBuildConfiguration;
			buildSettings = {
				ALWAYS_EMBED_SWIFT_STANDARD_LIBRARIES = YES;
				BUNDLE_LOADER = "$(TEST_HOST)";
				CODE_SIGN_STYLE = Automatic;
				CURRENT_PROJECT_VERSION = 1;
				DEVELOPMENT_TEAM = HLJPPMC6NY;
				GENERATE_INFOPLIST_FILE = YES;
				IPHONEOS_DEPLOYMENT_TARGET = 15.4;
				MARKETING_VERSION = 1.0;
				PRODUCT_BUNDLE_IDENTIFIER = "com.Quilty.Egg-TimerTests";
				PRODUCT_NAME = "$(TARGET_NAME)";
				SWIFT_EMIT_LOC_STRINGS = NO;
				SWIFT_VERSION = 5.0;
				TARGETED_DEVICE_FAMILY = "1,2";
				TEST_HOST = "$(BUILT_PRODUCTS_DIR)/Egg-Timer.app/Egg-Timer";
			};
			name = Debug;
		};
		7C44EE1F27ECC1380016FCF3 /* Release */ = {
			isa = XCBuildConfiguration;
			buildSettings = {
				ALWAYS_EMBED_SWIFT_STANDARD_LIBRARIES = YES;
				BUNDLE_LOADER = "$(TEST_HOST)";
				CODE_SIGN_STYLE = Automatic;
				CURRENT_PROJECT_VERSION = 1;
				DEVELOPMENT_TEAM = HLJPPMC6NY;
				GENERATE_INFOPLIST_FILE = YES;
				IPHONEOS_DEPLOYMENT_TARGET = 15.4;
				MARKETING_VERSION = 1.0;
				PRODUCT_BUNDLE_IDENTIFIER = "com.Quilty.Egg-TimerTests";
				PRODUCT_NAME = "$(TARGET_NAME)";
				SWIFT_EMIT_LOC_STRINGS = NO;
				SWIFT_VERSION = 5.0;
				TARGETED_DEVICE_FAMILY = "1,2";
				TEST_HOST = "$(BUILT_PRODUCTS_DIR)/Egg-Timer.app/Egg-Timer";
			};
			name = Release;
		};
		7C44EE2127ECC1380016FCF3 /* Debug */ = {
			isa = XCBuildConfiguration;
			buildSettings = {
				ALWAYS_EMBED_SWIFT_STANDARD_LIBRARIES = YES;
				CODE_SIGN_STYLE = Automatic;
				CURRENT_PROJECT_VERSION = 1;
				DEVELOPMENT_TEAM = HLJPPMC6NY;
				GENERATE_INFOPLIST_FILE = YES;
				MARKETING_VERSION = 1.0;
				PRODUCT_BUNDLE_IDENTIFIER = "com.Quilty.Egg-TimerUITests";
				PRODUCT_NAME = "$(TARGET_NAME)";
				SWIFT_EMIT_LOC_STRINGS = NO;
				SWIFT_VERSION = 5.0;
				TARGETED_DEVICE_FAMILY = "1,2";
				TEST_TARGET_NAME = "Egg-Timer";
			};
			name = Debug;
		};
		7C44EE2227ECC1380016FCF3 /* Release */ = {
			isa = XCBuildConfiguration;
			buildSettings = {
				ALWAYS_EMBED_SWIFT_STANDARD_LIBRARIES = YES;
				CODE_SIGN_STYLE = Automatic;
				CURRENT_PROJECT_VERSION = 1;
				DEVELOPMENT_TEAM = HLJPPMC6NY;
				GENERATE_INFOPLIST_FILE = YES;
				MARKETING_VERSION = 1.0;
				PRODUCT_BUNDLE_IDENTIFIER = "com.Quilty.Egg-TimerUITests";
				PRODUCT_NAME = "$(TARGET_NAME)";
				SWIFT_EMIT_LOC_STRINGS = NO;
				SWIFT_VERSION = 5.0;
				TARGETED_DEVICE_FAMILY = "1,2";
				TEST_TARGET_NAME = "Egg-Timer";
			};
			name = Release;
		};
/* End XCBuildConfiguration section */

/* Begin XCConfigurationList section */
		7C44EDEC27ECC1370016FCF3 /* Build configuration list for PBXProject "Egg-Timer" */ = {
			isa = XCConfigurationList;
			buildConfigurations = (
				7C44EE1827ECC1380016FCF3 /* Debug */,
				7C44EE1927ECC1380016FCF3 /* Release */,
			);
			defaultConfigurationIsVisible = 0;
			defaultConfigurationName = Release;
		};
		7C44EE1A27ECC1380016FCF3 /* Build configuration list for PBXNativeTarget "Egg-Timer" */ = {
			isa = XCConfigurationList;
			buildConfigurations = (
				7C44EE1B27ECC1380016FCF3 /* Debug */,
				7C44EE1C27ECC1380016FCF3 /* Release */,
			);
			defaultConfigurationIsVisible = 0;
			defaultConfigurationName = Release;
		};
		7C44EE1D27ECC1380016FCF3 /* Build configuration list for PBXNativeTarget "Egg-TimerTests" */ = {
			isa = XCConfigurationList;
			buildConfigurations = (
				7C44EE1E27ECC1380016FCF3 /* Debug */,
				7C44EE1F27ECC1380016FCF3 /* Release */,
			);
			defaultConfigurationIsVisible = 0;
			defaultConfigurationName = Release;
		};
		7C44EE2027ECC1380016FCF3 /* Build configuration list for PBXNativeTarget "Egg-TimerUITests" */ = {
			isa = XCConfigurationList;
			buildConfigurations = (
				7C44EE2127ECC1380016FCF3 /* Debug */,
				7C44EE2227ECC1380016FCF3 /* Release */,
			);
			defaultConfigurationIsVisible = 0;
			defaultConfigurationName = Release;
		};
/* End XCConfigurationList section */

/* Begin XCVersionGroup section */
		7C44EDFF27ECC1370016FCF3 /* Egg_Timer.xcdatamodeld */ = {
			isa = XCVersionGroup;
			children = (
				7C44EE0027ECC1370016FCF3 /* Egg_Timer.xcdatamodel */,
			);
			currentVersion = 7C44EE0027ECC1370016FCF3 /* Egg_Timer.xcdatamodel */;
			path = Egg_Timer.xcdatamodeld;
			sourceTree = "<group>";
			versionGroupType = wrapper.xcdatamodel;
		};
/* End XCVersionGroup section */
	};
	rootObject = 7C44EDE927ECC1370016FCF3 /* Project object */;
}
