// !$*UTF8*$!
{
	archiveVersion = 1;
	classes = {
	};
	objectVersion = 55;
	objects = {

/* Begin PBXBuildFile section */
		7C230BB027EA754C0031E750 /* QuiltyBusinessCardApp.swift in Sources */ = {isa = PBXBuildFile; fileRef = 7C230BAF27EA754C0031E750 /* QuiltyBusinessCardApp.swift */; };
		7C230BB227EA754C0031E750 /* ContentView.swift in Sources */ = {isa = PBXBuildFile; fileRef = 7C230BB127EA754C0031E750 /* ContentView.swift */; };
		7C230BB427EA754D0031E750 /* Assets.xcassets in Resources */ = {isa = PBXBuildFile; fileRef = 7C230BB327EA754D0031E750 /* Assets.xcassets */; };
		7C230BB727EA754D0031E750 /* Preview Assets.xcassets in Resources */ = {isa = PBXBuildFile; fileRef = 7C230BB627EA754D0031E750 /* Preview Assets.xcassets */; };
		7C230BB927EA754D0031E750 /* Persistence.swift in Sources */ = {isa = PBXBuildFile; fileRef = 7C230BB827EA754D0031E750 /* Persistence.swift */; };
		7C230BBC27EA754D0031E750 /* QuiltyBusinessCard.xcdatamodeld in Sources */ = {isa = PBXBuildFile; fileRef = 7C230BBA27EA754D0031E750 /* QuiltyBusinessCard.xcdatamodeld */; };
		7C230BC627EA754D0031E750 /* QuiltyBusinessCardTests.swift in Sources */ = {isa = PBXBuildFile; fileRef = 7C230BC527EA754D0031E750 /* QuiltyBusinessCardTests.swift */; };
		7C230BD027EA754D0031E750 /* QuiltyBusinessCardUITests.swift in Sources */ = {isa = PBXBuildFile; fileRef = 7C230BCF27EA754D0031E750 /* QuiltyBusinessCardUITests.swift */; };
		7C230BD227EA754D0031E750 /* QuiltyBusinessCardUITestsLaunchTests.swift in Sources */ = {isa = PBXBuildFile; fileRef = 7C230BD127EA754D0031E750 /* QuiltyBusinessCardUITestsLaunchTests.swift */; };
		7C230BE327EA76E30031E750 /* Hurricane-Regular.ttf in Resources */ = {isa = PBXBuildFile; fileRef = 7C230BE227EA76E30031E750 /* Hurricane-Regular.ttf */; };
		7C230BE427EA76E30031E750 /* Hurricane-Regular.ttf in Resources */ = {isa = PBXBuildFile; fileRef = 7C230BE227EA76E30031E750 /* Hurricane-Regular.ttf */; };
		7C230BE527EA76E30031E750 /* Hurricane-Regular.ttf in Resources */ = {isa = PBXBuildFile; fileRef = 7C230BE227EA76E30031E750 /* Hurricane-Regular.ttf */; };
/* End PBXBuildFile section */

/* Begin PBXContainerItemProxy section */
		7C230BC227EA754D0031E750 /* PBXContainerItemProxy */ = {
			isa = PBXContainerItemProxy;
			containerPortal = 7C230BA427EA754C0031E750 /* Project object */;
			proxyType = 1;
			remoteGlobalIDString = 7C230BAB27EA754C0031E750;
			remoteInfo = QuiltyBusinessCard;
		};
		7C230BCC27EA754D0031E750 /* PBXContainerItemProxy */ = {
			isa = PBXContainerItemProxy;
			containerPortal = 7C230BA427EA754C0031E750 /* Project object */;
			proxyType = 1;
			remoteGlobalIDString = 7C230BAB27EA754C0031E750;
			remoteInfo = QuiltyBusinessCard;
		};
/* End PBXContainerItemProxy section */

/* Begin PBXFileReference section */
		7C230BAC27EA754C0031E750 /* QuiltyBusinessCard.app */ = {isa = PBXFileReference; explicitFileType = wrapper.application; includeInIndex = 0; path = QuiltyBusinessCard.app; sourceTree = BUILT_PRODUCTS_DIR; };
		7C230BAF27EA754C0031E750 /* QuiltyBusinessCardApp.swift */ = {isa = PBXFileReference; lastKnownFileType = sourcecode.swift; path = QuiltyBusinessCardApp.swift; sourceTree = "<group>"; };
		7C230BB127EA754C0031E750 /* ContentView.swift */ = {isa = PBXFileReference; lastKnownFileType = sourcecode.swift; path = ContentView.swift; sourceTree = "<group>"; };
		7C230BB327EA754D0031E750 /* Assets.xcassets */ = {isa = PBXFileReference; lastKnownFileType = folder.assetcatalog; path = Assets.xcassets; sourceTree = "<group>"; };
		7C230BB627EA754D0031E750 /* Preview Assets.xcassets */ = {isa = PBXFileReference; lastKnownFileType = folder.assetcatalog; path = "Preview Assets.xcassets"; sourceTree = "<group>"; };
		7C230BB827EA754D0031E750 /* Persistence.swift */ = {isa = PBXFileReference; lastKnownFileType = sourcecode.swift; path = Persistence.swift; sourceTree = "<group>"; };
		7C230BBB27EA754D0031E750 /* QuiltyBusinessCard.xcdatamodel */ = {isa = PBXFileReference; lastKnownFileType = wrapper.xcdatamodel; path = QuiltyBusinessCard.xcdatamodel; sourceTree = "<group>"; };
		7C230BC127EA754D0031E750 /* QuiltyBusinessCardTests.xctest */ = {isa = PBXFileReference; explicitFileType = wrapper.cfbundle; includeInIndex = 0; path = QuiltyBusinessCardTests.xctest; sourceTree = BUILT_PRODUCTS_DIR; };
		7C230BC527EA754D0031E750 /* QuiltyBusinessCardTests.swift */ = {isa = PBXFileReference; lastKnownFileType = sourcecode.swift; path = QuiltyBusinessCardTests.swift; sourceTree = "<group>"; };
		7C230BCB27EA754D0031E750 /* QuiltyBusinessCardUITests.xctest */ = {isa = PBXFileReference; explicitFileType = wrapper.cfbundle; includeInIndex = 0; path = QuiltyBusinessCardUITests.xctest; sourceTree = BUILT_PRODUCTS_DIR; };
		7C230BCF27EA754D0031E750 /* QuiltyBusinessCardUITests.swift */ = {isa = PBXFileReference; lastKnownFileType = sourcecode.swift; path = QuiltyBusinessCardUITests.swift; sourceTree = "<group>"; };
		7C230BD127EA754D0031E750 /* QuiltyBusinessCardUITestsLaunchTests.swift */ = {isa = PBXFileReference; lastKnownFileType = sourcecode.swift; path = QuiltyBusinessCardUITestsLaunchTests.swift; sourceTree = "<group>"; };
		7C230BDF27EA75C50031E750 /* Hurricane-Regular.ttf */ = {isa = PBXFileReference; lastKnownFileType = file; path = "Hurricane-Regular.ttf"; sourceTree = "<group>"; };
		7C230BE027EA75E20031E750 /* Info.plist */ = {isa = PBXFileReference; lastKnownFileType = text.plist; path = Info.plist; sourceTree = "<group>"; };
		7C230BE227EA76E30031E750 /* Hurricane-Regular.ttf */ = {isa = PBXFileReference; lastKnownFileType = file; path = "Hurricane-Regular.ttf"; sourceTree = "<group>"; };
/* End PBXFileReference section */

/* Begin PBXFrameworksBuildPhase section */
		7C230BA927EA754C0031E750 /* Frameworks */ = {
			isa = PBXFrameworksBuildPhase;
			buildActionMask = 2147483647;
			files = (
			);
			runOnlyForDeploymentPostprocessing = 0;
		};
		7C230BBE27EA754D0031E750 /* Frameworks */ = {
			isa = PBXFrameworksBuildPhase;
			buildActionMask = 2147483647;
			files = (
			);
			runOnlyForDeploymentPostprocessing = 0;
		};
		7C230BC827EA754D0031E750 /* Frameworks */ = {
			isa = PBXFrameworksBuildPhase;
			buildActionMask = 2147483647;
			files = (
			);
			runOnlyForDeploymentPostprocessing = 0;
		};
/* End PBXFrameworksBuildPhase section */

/* Begin PBXGroup section */
		7C230BA327EA754C0031E750 = {
			isa = PBXGroup;
			children = (
				7C230BAE27EA754C0031E750 /* QuiltyBusinessCard */,
				7C230BC427EA754D0031E750 /* QuiltyBusinessCardTests */,
				7C230BCE27EA754D0031E750 /* QuiltyBusinessCardUITests */,
				7C230BAD27EA754C0031E750 /* Products */,
			);
			sourceTree = "<group>";
		};
		7C230BAD27EA754C0031E750 /* Products */ = {
			isa = PBXGroup;
			children = (
				7C230BAC27EA754C0031E750 /* QuiltyBusinessCard.app */,
				7C230BC127EA754D0031E750 /* QuiltyBusinessCardTests.xctest */,
				7C230BCB27EA754D0031E750 /* QuiltyBusinessCardUITests.xctest */,
			);
			name = Products;
			sourceTree = "<group>";
		};
		7C230BAE27EA754C0031E750 /* QuiltyBusinessCard */ = {
			isa = PBXGroup;
			children = (
				7C230BE027EA75E20031E750 /* Info.plist */,
				7C230BDE27EA75A10031E750 /* Fonts */,
				7C230BAF27EA754C0031E750 /* QuiltyBusinessCardApp.swift */,
				7C230BB127EA754C0031E750 /* ContentView.swift */,
				7C230BB327EA754D0031E750 /* Assets.xcassets */,
				7C230BB827EA754D0031E750 /* Persistence.swift */,
				7C230BBA27EA754D0031E750 /* QuiltyBusinessCard.xcdatamodeld */,
				7C230BB527EA754D0031E750 /* Preview Content */,
			);
			path = QuiltyBusinessCard;
			sourceTree = "<group>";
		};
		7C230BB527EA754D0031E750 /* Preview Content */ = {
			isa = PBXGroup;
			children = (
				7C230BB627EA754D0031E750 /* Preview Assets.xcassets */,
			);
			path = "Preview Content";
			sourceTree = "<group>";
		};
		7C230BC427EA754D0031E750 /* QuiltyBusinessCardTests */ = {
			isa = PBXGroup;
			children = (
				7C230BC527EA754D0031E750 /* QuiltyBusinessCardTests.swift */,
			);
			path = QuiltyBusinessCardTests;
			sourceTree = "<group>";
		};
		7C230BCE27EA754D0031E750 /* QuiltyBusinessCardUITests */ = {
			isa = PBXGroup;
			children = (
				7C230BCF27EA754D0031E750 /* QuiltyBusinessCardUITests.swift */,
				7C230BD127EA754D0031E750 /* QuiltyBusinessCardUITestsLaunchTests.swift */,
			);
			path = QuiltyBusinessCardUITests;
			sourceTree = "<group>";
		};
		7C230BDE27EA75A10031E750 /* Fonts */ = {
			isa = PBXGroup;
			children = (
				7C230BDF27EA75C50031E750 /* Hurricane-Regular.ttf */,
				7C230BE127EA76E30031E750 /* Fonts */,
			);
			path = Fonts;
			sourceTree = "<group>";
		};
		7C230BE127EA76E30031E750 /* Fonts */ = {
			isa = PBXGroup;
			children = (
				7C230BE227EA76E30031E750 /* Hurricane-Regular.ttf */,
			);
			name = Fonts;
			sourceTree = "<group>";
		};
/* End PBXGroup section */

/* Begin PBXNativeTarget section */
		7C230BAB27EA754C0031E750 /* QuiltyBusinessCard */ = {
			isa = PBXNativeTarget;
			buildConfigurationList = 7C230BD527EA754D0031E750 /* Build configuration list for PBXNativeTarget "QuiltyBusinessCard" */;
			buildPhases = (
				7C230BA827EA754C0031E750 /* Sources */,
				7C230BA927EA754C0031E750 /* Frameworks */,
				7C230BAA27EA754C0031E750 /* Resources */,
			);
			buildRules = (
			);
			dependencies = (
			);
			name = QuiltyBusinessCard;
			productName = QuiltyBusinessCard;
			productReference = 7C230BAC27EA754C0031E750 /* QuiltyBusinessCard.app */;
			productType = "com.apple.product-type.application";
		};
		7C230BC027EA754D0031E750 /* QuiltyBusinessCardTests */ = {
			isa = PBXNativeTarget;
			buildConfigurationList = 7C230BD827EA754D0031E750 /* Build configuration list for PBXNativeTarget "QuiltyBusinessCardTests" */;
			buildPhases = (
				7C230BBD27EA754D0031E750 /* Sources */,
				7C230BBE27EA754D0031E750 /* Frameworks */,
				7C230BBF27EA754D0031E750 /* Resources */,
			);
			buildRules = (
			);
			dependencies = (
				7C230BC327EA754D0031E750 /* PBXTargetDependency */,
			);
			name = QuiltyBusinessCardTests;
			productName = QuiltyBusinessCardTests;
			productReference = 7C230BC127EA754D0031E750 /* QuiltyBusinessCardTests.xctest */;
			productType = "com.apple.product-type.bundle.unit-test";
		};
		7C230BCA27EA754D0031E750 /* QuiltyBusinessCardUITests */ = {
			isa = PBXNativeTarget;
			buildConfigurationList = 7C230BDB27EA754D0031E750 /* Build configuration list for PBXNativeTarget "QuiltyBusinessCardUITests" */;
			buildPhases = (
				7C230BC727EA754D0031E750 /* Sources */,
				7C230BC827EA754D0031E750 /* Frameworks */,
				7C230BC927EA754D0031E750 /* Resources */,
			);
			buildRules = (
			);
			dependencies = (
				7C230BCD27EA754D0031E750 /* PBXTargetDependency */,
			);
			name = QuiltyBusinessCardUITests;
			productName = QuiltyBusinessCardUITests;
			productReference = 7C230BCB27EA754D0031E750 /* QuiltyBusinessCardUITests.xctest */;
			productType = "com.apple.product-type.bundle.ui-testing";
		};
/* End PBXNativeTarget section */

/* Begin PBXProject section */
		7C230BA427EA754C0031E750 /* Project object */ = {
			isa = PBXProject;
			attributes = {
				BuildIndependentTargetsInParallel = 1;
				LastSwiftUpdateCheck = 1330;
				LastUpgradeCheck = 1330;
				TargetAttributes = {
					7C230BAB27EA754C0031E750 = {
						CreatedOnToolsVersion = 13.3;
					};
					7C230BC027EA754D0031E750 = {
						CreatedOnToolsVersion = 13.3;
						TestTargetID = 7C230BAB27EA754C0031E750;
					};
					7C230BCA27EA754D0031E750 = {
						CreatedOnToolsVersion = 13.3;
						TestTargetID = 7C230BAB27EA754C0031E750;
					};
				};
			};
			buildConfigurationList = 7C230BA727EA754C0031E750 /* Build configuration list for PBXProject "QuiltyBusinessCard" */;
			compatibilityVersion = "Xcode 13.0";
			developmentRegion = en;
			hasScannedForEncodings = 0;
			knownRegions = (
				en,
				Base,
			);
			mainGroup = 7C230BA327EA754C0031E750;
			productRefGroup = 7C230BAD27EA754C0031E750 /* Products */;
			projectDirPath = "";
			projectRoot = "";
			targets = (
				7C230BAB27EA754C0031E750 /* QuiltyBusinessCard */,
				7C230BC027EA754D0031E750 /* QuiltyBusinessCardTests */,
				7C230BCA27EA754D0031E750 /* QuiltyBusinessCardUITests */,
			);
		};
/* End PBXProject section */

/* Begin PBXResourcesBuildPhase section */
		7C230BAA27EA754C0031E750 /* Resources */ = {
			isa = PBXResourcesBuildPhase;
			buildActionMask = 2147483647;
			files = (
				7C230BB727EA754D0031E750 /* Preview Assets.xcassets in Resources */,
				7C230BE327EA76E30031E750 /* Hurricane-Regular.ttf in Resources */,
				7C230BB427EA754D0031E750 /* Assets.xcassets in Resources */,
			);
			runOnlyForDeploymentPostprocessing = 0;
		};
		7C230BBF27EA754D0031E750 /* Resources */ = {
			isa = PBXResourcesBuildPhase;
			buildActionMask = 2147483647;
			files = (
				7C230BE427EA76E30031E750 /* Hurricane-Regular.ttf in Resources */,
			);
			runOnlyForDeploymentPostprocessing = 0;
		};
		7C230BC927EA754D0031E750 /* Resources */ = {
			isa = PBXResourcesBuildPhase;
			buildActionMask = 2147483647;
			files = (
				7C230BE527EA76E30031E750 /* Hurricane-Regular.ttf in Resources */,
			);
			runOnlyForDeploymentPostprocessing = 0;
		};
/* End PBXResourcesBuildPhase section */

/* Begin PBXSourcesBuildPhase section */
		7C230BA827EA754C0031E750 /* Sources */ = {
			isa = PBXSourcesBuildPhase;
			buildActionMask = 2147483647;
			files = (
				7C230BB927EA754D0031E750 /* Persistence.swift in Sources */,
				7C230BBC27EA754D0031E750 /* QuiltyBusinessCard.xcdatamodeld in Sources */,
				7C230BB227EA754C0031E750 /* ContentView.swift in Sources */,
				7C230BB027EA754C0031E750 /* QuiltyBusinessCardApp.swift in Sources */,
			);
			runOnlyForDeploymentPostprocessing = 0;
		};
		7C230BBD27EA754D0031E750 /* Sources */ = {
			isa = PBXSourcesBuildPhase;
			buildActionMask = 2147483647;
			files = (
				7C230BC627EA754D0031E750 /* QuiltyBusinessCardTests.swift in Sources */,
			);
			runOnlyForDeploymentPostprocessing = 0;
		};
		7C230BC727EA754D0031E750 /* Sources */ = {
			isa = PBXSourcesBuildPhase;
			buildActionMask = 2147483647;
			files = (
				7C230BD227EA754D0031E750 /* QuiltyBusinessCardUITestsLaunchTests.swift in Sources */,
				7C230BD027EA754D0031E750 /* QuiltyBusinessCardUITests.swift in Sources */,
			);
			runOnlyForDeploymentPostprocessing = 0;
		};
/* End PBXSourcesBuildPhase section */

/* Begin PBXTargetDependency section */
		7C230BC327EA754D0031E750 /* PBXTargetDependency */ = {
			isa = PBXTargetDependency;
			target = 7C230BAB27EA754C0031E750 /* QuiltyBusinessCard */;
			targetProxy = 7C230BC227EA754D0031E750 /* PBXContainerItemProxy */;
		};
		7C230BCD27EA754D0031E750 /* PBXTargetDependency */ = {
			isa = PBXTargetDependency;
			target = 7C230BAB27EA754C0031E750 /* QuiltyBusinessCard */;
			targetProxy = 7C230BCC27EA754D0031E750 /* PBXContainerItemProxy */;
		};
/* End PBXTargetDependency section */

/* Begin XCBuildConfiguration section */
		7C230BD327EA754D0031E750 /* Debug */ = {
			isa = XCBuildConfiguration;
			buildSettings = {
				ALWAYS_SEARCH_USER_PATHS = NO;
				CLANG_ANALYZER_NONNULL = YES;
				CLANG_ANALYZER_NUMBER_OBJECT_CONVERSION = YES_AGGRESSIVE;
				CLANG_CXX_LANGUAGE_STANDARD = "gnu++17";
				CLANG_ENABLE_MODULES = YES;
				CLANG_ENABLE_OBJC_ARC = YES;
				CLANG_ENABLE_OBJC_WEAK = YES;
				CLANG_WARN_BLOCK_CAPTURE_AUTORELEASING = YES;
				CLANG_WARN_BOOL_CONVERSION = YES;
				CLANG_WARN_COMMA = YES;
				CLANG_WARN_CONSTANT_CONVERSION = YES;
				CLANG_WARN_DEPRECATED_OBJC_IMPLEMENTATIONS = YES;
				CLANG_WARN_DIRECT_OBJC_ISA_USAGE = YES_ERROR;
				CLANG_WARN_DOCUMENTATION_COMMENTS = YES;
				CLANG_WARN_EMPTY_BODY = YES;
				CLANG_WARN_ENUM_CONVERSION = YES;
				CLANG_WARN_INFINITE_RECURSION = YES;
				CLANG_WARN_INT_CONVERSION = YES;
				CLANG_WARN_NON_LITERAL_NULL_CONVERSION = YES;
				CLANG_WARN_OBJC_IMPLICIT_RETAIN_SELF = YES;
				CLANG_WARN_OBJC_LITERAL_CONVERSION = YES;
				CLANG_WARN_OBJC_ROOT_CLASS = YES_ERROR;
				CLANG_WARN_QUOTED_INCLUDE_IN_FRAMEWORK_HEADER = YES;
				CLANG_WARN_RANGE_LOOP_ANALYSIS = YES;
				CLANG_WARN_STRICT_PROTOTYPES = YES;
				CLANG_WARN_SUSPICIOUS_MOVE = YES;
				CLANG_WARN_UNGUARDED_AVAILABILITY = YES_AGGRESSIVE;
				CLANG_WARN_UNREACHABLE_CODE = YES;
				CLANG_WARN__DUPLICATE_METHOD_MATCH = YES;
				COPY_PHASE_STRIP = NO;
				DEBUG_INFORMATION_FORMAT = dwarf;
				ENABLE_STRICT_OBJC_MSGSEND = YES;
				ENABLE_TESTABILITY = YES;
				GCC_C_LANGUAGE_STANDARD = gnu11;
				GCC_DYNAMIC_NO_PIC = NO;
				GCC_NO_COMMON_BLOCKS = YES;
				GCC_OPTIMIZATION_LEVEL = 0;
				GCC_PREPROCESSOR_DEFINITIONS = (
					"DEBUG=1",
					"$(inherited)",
				);
				GCC_WARN_64_TO_32_BIT_CONVERSION = YES;
				GCC_WARN_ABOUT_RETURN_TYPE = YES_ERROR;
				GCC_WARN_UNDECLARED_SELECTOR = YES;
				GCC_WARN_UNINITIALIZED_AUTOS = YES_AGGRESSIVE;
				GCC_WARN_UNUSED_FUNCTION = YES;
				GCC_WARN_UNUSED_VARIABLE = YES;
				IPHONEOS_DEPLOYMENT_TARGET = 15.4;
				MTL_ENABLE_DEBUG_INFO = INCLUDE_SOURCE;
				MTL_FAST_MATH = YES;
				ONLY_ACTIVE_ARCH = YES;
				SDKROOT = iphoneos;
				SWIFT_ACTIVE_COMPILATION_CONDITIONS = DEBUG;
				SWIFT_OPTIMIZATION_LEVEL = "-Onone";
			};
			name = Debug;
		};
		7C230BD427EA754D0031E750 /* Release */ = {
			isa = XCBuildConfiguration;
			buildSettings = {
				ALWAYS_SEARCH_USER_PATHS = NO;
				CLANG_ANALYZER_NONNULL = YES;
				CLANG_ANALYZER_NUMBER_OBJECT_CONVERSION = YES_AGGRESSIVE;
				CLANG_CXX_LANGUAGE_STANDARD = "gnu++17";
				CLANG_ENABLE_MODULES = YES;
				CLANG_ENABLE_OBJC_ARC = YES;
				CLANG_ENABLE_OBJC_WEAK = YES;
				CLANG_WARN_BLOCK_CAPTURE_AUTORELEASING = YES;
				CLANG_WARN_BOOL_CONVERSION = YES;
				CLANG_WARN_COMMA = YES;
				CLANG_WARN_CONSTANT_CONVERSION = YES;
				CLANG_WARN_DEPRECATED_OBJC_IMPLEMENTATIONS = YES;
				CLANG_WARN_DIRECT_OBJC_ISA_USAGE = YES_ERROR;
				CLANG_WARN_DOCUMENTATION_COMMENTS = YES;
				CLANG_WARN_EMPTY_BODY = YES;
				CLANG_WARN_ENUM_CONVERSION = YES;
				CLANG_WARN_INFINITE_RECURSION = YES;
				CLANG_WARN_INT_CONVERSION = YES;
				CLANG_WARN_NON_LITERAL_NULL_CONVERSION = YES;
				CLANG_WARN_OBJC_IMPLICIT_RETAIN_SELF = YES;
				CLANG_WARN_OBJC_LITERAL_CONVERSION = YES;
				CLANG_WARN_OBJC_ROOT_CLASS = YES_ERROR;
				CLANG_WARN_QUOTED_INCLUDE_IN_FRAMEWORK_HEADER = YES;
				CLANG_WARN_RANGE_LOOP_ANALYSIS = YES;
				CLANG_WARN_STRICT_PROTOTYPES = YES;
				CLANG_WARN_SUSPICIOUS_MOVE = YES;
				CLANG_WARN_UNGUARDED_AVAILABILITY = YES_AGGRESSIVE;
				CLANG_WARN_UNREACHABLE_CODE = YES;
				CLANG_WARN__DUPLICATE_METHOD_MATCH = YES;
				COPY_PHASE_STRIP = NO;
				DEBUG_INFORMATION_FORMAT = "dwarf-with-dsym";
				ENABLE_NS_ASSERTIONS = NO;
				ENABLE_STRICT_OBJC_MSGSEND = YES;
				GCC_C_LANGUAGE_STANDARD = gnu11;
				GCC_NO_COMMON_BLOCKS = YES;
				GCC_WARN_64_TO_32_BIT_CONVERSION = YES;
				GCC_WARN_ABOUT_RETURN_TYPE = YES_ERROR;
				GCC_WARN_UNDECLARED_SELECTOR = YES;
				GCC_WARN_UNINITIALIZED_AUTOS = YES_AGGRESSIVE;
				GCC_WARN_UNUSED_FUNCTION = YES;
				GCC_WARN_UNUSED_VARIABLE = YES;
				IPHONEOS_DEPLOYMENT_TARGET = 15.4;
				MTL_ENABLE_DEBUG_INFO = NO;
				MTL_FAST_MATH = YES;
				SDKROOT = iphoneos;
				SWIFT_COMPILATION_MODE = wholemodule;
				SWIFT_OPTIMIZATION_LEVEL = "-O";
				VALIDATE_PRODUCT = YES;
			};
			name = Release;
		};
		7C230BD627EA754D0031E750 /* Debug */ = {
			isa = XCBuildConfiguration;
			buildSettings = {
				ASSETCATALOG_COMPILER_APPICON_NAME = AppIcon;
				ASSETCATALOG_COMPILER_GLOBAL_ACCENT_COLOR_NAME = AccentColor;
				CODE_SIGN_STYLE = Automatic;
				CURRENT_PROJECT_VERSION = 1;
				DEVELOPMENT_ASSET_PATHS = "\"QuiltyBusinessCard/Preview Content\"";
				DEVELOPMENT_TEAM = HLJPPMC6NY;
				ENABLE_PREVIEWS = YES;
				GENERATE_INFOPLIST_FILE = YES;
				INFOPLIST_FILE = QuiltyBusinessCard/Info.plist;
				INFOPLIST_KEY_UIApplicationSceneManifest_Generation = YES;
				INFOPLIST_KEY_UIApplicationSupportsIndirectInputEvents = YES;
				INFOPLIST_KEY_UILaunchScreen_Generation = YES;
				INFOPLIST_KEY_UISupportedInterfaceOrientations_iPad = "UIInterfaceOrientationPortrait UIInterfaceOrientationPortraitUpsideDown UIInterfaceOrientationLandscapeLeft UIInterfaceOrientationLandscapeRight";
				INFOPLIST_KEY_UISupportedInterfaceOrientations_iPhone = "UIInterfaceOrientationPortrait UIInterfaceOrientationLandscapeLeft UIInterfaceOrientationLandscapeRight";
				LD_RUNPATH_SEARCH_PATHS = (
					"$(inherited)",
					"@executable_path/Frameworks",
				);
				MARKETING_VERSION = 1.0;
				PRODUCT_BUNDLE_IDENTIFIER = com.Quilty.QuiltyBusinessCard;
				PRODUCT_NAME = "$(TARGET_NAME)";
				SWIFT_EMIT_LOC_STRINGS = YES;
				SWIFT_VERSION = 5.0;
				TARGETED_DEVICE_FAMILY = "1,2";
			};
			name = Debug;
		};
		7C230BD727EA754D0031E750 /* Release */ = {
			isa = XCBuildConfiguration;
			buildSettings = {
				ASSETCATALOG_COMPILER_APPICON_NAME = AppIcon;
				ASSETCATALOG_COMPILER_GLOBAL_ACCENT_COLOR_NAME = AccentColor;
				CODE_SIGN_STYLE = Automatic;
				CURRENT_PROJECT_VERSION = 1;
				DEVELOPMENT_ASSET_PATHS = "\"QuiltyBusinessCard/Preview Content\"";
				DEVELOPMENT_TEAM = HLJPPMC6NY;
				ENABLE_PREVIEWS = YES;
				GENERATE_INFOPLIST_FILE = YES;
				INFOPLIST_FILE = QuiltyBusinessCard/Info.plist;
				INFOPLIST_KEY_UIApplicationSceneManifest_Generation = YES;
				INFOPLIST_KEY_UIApplicationSupportsIndirectInputEvents = YES;
				INFOPLIST_KEY_UILaunchScreen_Generation = YES;
				INFOPLIST_KEY_UISupportedInterfaceOrientations_iPad = "UIInterfaceOrientationPortrait UIInterfaceOrientationPortraitUpsideDown UIInterfaceOrientationLandscapeLeft UIInterfaceOrientationLandscapeRight";
				INFOPLIST_KEY_UISupportedInterfaceOrientations_iPhone = "UIInterfaceOrientationPortrait UIInterfaceOrientationLandscapeLeft UIInterfaceOrientationLandscapeRight";
				LD_RUNPATH_SEARCH_PATHS = (
					"$(inherited)",
					"@executable_path/Frameworks",
				);
				MARKETING_VERSION = 1.0;
				PRODUCT_BUNDLE_IDENTIFIER = com.Quilty.QuiltyBusinessCard;
				PRODUCT_NAME = "$(TARGET_NAME)";
				SWIFT_EMIT_LOC_STRINGS = YES;
				SWIFT_VERSION = 5.0;
				TARGETED_DEVICE_FAMILY = "1,2";
			};
			name = Release;
		};
		7C230BD927EA754D0031E750 /* Debug */ = {
			isa = XCBuildConfiguration;
			buildSettings = {
				ALWAYS_EMBED_SWIFT_STANDARD_LIBRARIES = YES;
				BUNDLE_LOADER = "$(TEST_HOST)";
				CODE_SIGN_STYLE = Automatic;
				CURRENT_PROJECT_VERSION = 1;
				DEVELOPMENT_TEAM = HLJPPMC6NY;
				GENERATE_INFOPLIST_FILE = YES;
				IPHONEOS_DEPLOYMENT_TARGET = 15.4;
				MARKETING_VERSION = 1.0;
				PRODUCT_BUNDLE_IDENTIFIER = com.Quilty.QuiltyBusinessCardTests;
				PRODUCT_NAME = "$(TARGET_NAME)";
				SWIFT_EMIT_LOC_STRINGS = NO;
				SWIFT_VERSION = 5.0;
				TARGETED_DEVICE_FAMILY = "1,2";
				TEST_HOST = "$(BUILT_PRODUCTS_DIR)/QuiltyBusinessCard.app/QuiltyBusinessCard";
			};
			name = Debug;
		};
		7C230BDA27EA754D0031E750 /* Release */ = {
			isa = XCBuildConfiguration;
			buildSettings = {
				ALWAYS_EMBED_SWIFT_STANDARD_LIBRARIES = YES;
				BUNDLE_LOADER = "$(TEST_HOST)";
				CODE_SIGN_STYLE = Automatic;
				CURRENT_PROJECT_VERSION = 1;
				DEVELOPMENT_TEAM = HLJPPMC6NY;
				GENERATE_INFOPLIST_FILE = YES;
				IPHONEOS_DEPLOYMENT_TARGET = 15.4;
				MARKETING_VERSION = 1.0;
				PRODUCT_BUNDLE_IDENTIFIER = com.Quilty.QuiltyBusinessCardTests;
				PRODUCT_NAME = "$(TARGET_NAME)";
				SWIFT_EMIT_LOC_STRINGS = NO;
				SWIFT_VERSION = 5.0;
				TARGETED_DEVICE_FAMILY = "1,2";
				TEST_HOST = "$(BUILT_PRODUCTS_DIR)/QuiltyBusinessCard.app/QuiltyBusinessCard";
			};
			name = Release;
		};
		7C230BDC27EA754D0031E750 /* Debug */ = {
			isa = XCBuildConfiguration;
			buildSettings = {
				ALWAYS_EMBED_SWIFT_STANDARD_LIBRARIES = YES;
				CODE_SIGN_STYLE = Automatic;
				CURRENT_PROJECT_VERSION = 1;
				DEVELOPMENT_TEAM = HLJPPMC6NY;
				GENERATE_INFOPLIST_FILE = YES;
				MARKETING_VERSION = 1.0;
				PRODUCT_BUNDLE_IDENTIFIER = com.Quilty.QuiltyBusinessCardUITests;
				PRODUCT_NAME = "$(TARGET_NAME)";
				SWIFT_EMIT_LOC_STRINGS = NO;
				SWIFT_VERSION = 5.0;
				TARGETED_DEVICE_FAMILY = "1,2";
				TEST_TARGET_NAME = QuiltyBusinessCard;
			};
			name = Debug;
		};
		7C230BDD27EA754D0031E750 /* Release */ = {
			isa = XCBuildConfiguration;
			buildSettings = {
				ALWAYS_EMBED_SWIFT_STANDARD_LIBRARIES = YES;
				CODE_SIGN_STYLE = Automatic;
				CURRENT_PROJECT_VERSION = 1;
				DEVELOPMENT_TEAM = HLJPPMC6NY;
				GENERATE_INFOPLIST_FILE = YES;
				MARKETING_VERSION = 1.0;
				PRODUCT_BUNDLE_IDENTIFIER = com.Quilty.QuiltyBusinessCardUITests;
				PRODUCT_NAME = "$(TARGET_NAME)";
				SWIFT_EMIT_LOC_STRINGS = NO;
				SWIFT_VERSION = 5.0;
				TARGETED_DEVICE_FAMILY = "1,2";
				TEST_TARGET_NAME = QuiltyBusinessCard;
			};
			name = Release;
		};
/* End XCBuildConfiguration section */

/* Begin XCConfigurationList section */
		7C230BA727EA754C0031E750 /* Build configuration list for PBXProject "QuiltyBusinessCard" */ = {
			isa = XCConfigurationList;
			buildConfigurations = (
				7C230BD327EA754D0031E750 /* Debug */,
				7C230BD427EA754D0031E750 /* Release */,
			);
			defaultConfigurationIsVisible = 0;
			defaultConfigurationName = Release;
		};
		7C230BD527EA754D0031E750 /* Build configuration list for PBXNativeTarget "QuiltyBusinessCard" */ = {
			isa = XCConfigurationList;
			buildConfigurations = (
				7C230BD627EA754D0031E750 /* Debug */,
				7C230BD727EA754D0031E750 /* Release */,
			);
			defaultConfigurationIsVisible = 0;
			defaultConfigurationName = Release;
		};
		7C230BD827EA754D0031E750 /* Build configuration list for PBXNativeTarget "QuiltyBusinessCardTests" */ = {
			isa = XCConfigurationList;
			buildConfigurations = (
				7C230BD927EA754D0031E750 /* Debug */,
				7C230BDA27EA754D0031E750 /* Release */,
			);
			defaultConfigurationIsVisible = 0;
			defaultConfigurationName = Release;
		};
		7C230BDB27EA754D0031E750 /* Build configuration list for PBXNativeTarget "QuiltyBusinessCardUITests" */ = {
			isa = XCConfigurationList;
			buildConfigurations = (
				7C230BDC27EA754D0031E750 /* Debug */,
				7C230BDD27EA754D0031E750 /* Release */,
			);
			defaultConfigurationIsVisible = 0;
			defaultConfigurationName = Release;
		};
/* End XCConfigurationList section */

/* Begin XCVersionGroup section */
		7C230BBA27EA754D0031E750 /* QuiltyBusinessCard.xcdatamodeld */ = {
			isa = XCVersionGroup;
			children = (
				7C230BBB27EA754D0031E750 /* QuiltyBusinessCard.xcdatamodel */,
			);
			currentVersion = 7C230BBB27EA754D0031E750 /* QuiltyBusinessCard.xcdatamodel */;
			path = QuiltyBusinessCard.xcdatamodeld;
			sourceTree = "<group>";
			versionGroupType = wrapper.xcdatamodel;
		};
/* End XCVersionGroup section */
	};
	rootObject = 7C230BA427EA754C0031E750 /* Project object */;
}
