// !$*UTF8*$!
{
	archiveVersion = 1;
	classes = {
	};
	objectVersion = 55;
	objects = {

/* Begin PBXBuildFile section */
		7CD30D3327EAC53D002A0C22 /* SowooooApp.swift in Sources */ = {isa = PBXBuildFile; fileRef = 7CD30D3227EAC53D002A0C22 /* SowooooApp.swift */; };
		7CD30D3527EAC53D002A0C22 /* ContentView.swift in Sources */ = {isa = PBXBuildFile; fileRef = 7CD30D3427EAC53D002A0C22 /* ContentView.swift */; };
		7CD30D3727EAC53D002A0C22 /* Assets.xcassets in Resources */ = {isa = PBXBuildFile; fileRef = 7CD30D3627EAC53D002A0C22 /* Assets.xcassets */; };
		7CD30D3A27EAC53D002A0C22 /* Preview Assets.xcassets in Resources */ = {isa = PBXBuildFile; fileRef = 7CD30D3927EAC53D002A0C22 /* Preview Assets.xcassets */; };
		7CD30D3C27EAC53D002A0C22 /* Persistence.swift in Sources */ = {isa = PBXBuildFile; fileRef = 7CD30D3B27EAC53D002A0C22 /* Persistence.swift */; };
		7CD30D3F27EAC53D002A0C22 /* Sowoooo.xcdatamodeld in Sources */ = {isa = PBXBuildFile; fileRef = 7CD30D3D27EAC53D002A0C22 /* Sowoooo.xcdatamodeld */; };
		7CD30D4927EAC53D002A0C22 /* SowooooTests.swift in Sources */ = {isa = PBXBuildFile; fileRef = 7CD30D4827EAC53D002A0C22 /* SowooooTests.swift */; };
		7CD30D5327EAC53D002A0C22 /* SowooooUITests.swift in Sources */ = {isa = PBXBuildFile; fileRef = 7CD30D5227EAC53D002A0C22 /* SowooooUITests.swift */; };
		7CD30D5527EAC53D002A0C22 /* SowooooUITestsLaunchTests.swift in Sources */ = {isa = PBXBuildFile; fileRef = 7CD30D5427EAC53D002A0C22 /* SowooooUITestsLaunchTests.swift */; };
		7CD30D6227EAC567002A0C22 /* Sounds.swift in Sources */ = {isa = PBXBuildFile; fileRef = 7CD30D6127EAC567002A0C22 /* Sounds.swift */; };
		7CD30D6327EAC567002A0C22 /* Sounds.swift in Sources */ = {isa = PBXBuildFile; fileRef = 7CD30D6127EAC567002A0C22 /* Sounds.swift */; };
		7CD30D6427EAC567002A0C22 /* Sounds.swift in Sources */ = {isa = PBXBuildFile; fileRef = 7CD30D6127EAC567002A0C22 /* Sounds.swift */; };
		7CD30D6627EAC5FC002A0C22 /* 449577__zachrau__pigs-oinking.wav in Resources */ = {isa = PBXBuildFile; fileRef = 7CD30D6527EAC5FC002A0C22 /* 449577__zachrau__pigs-oinking.wav */; };
		7CD30D6727EAC5FC002A0C22 /* 449577__zachrau__pigs-oinking.wav in Resources */ = {isa = PBXBuildFile; fileRef = 7CD30D6527EAC5FC002A0C22 /* 449577__zachrau__pigs-oinking.wav */; };
		7CD30D6827EAC5FC002A0C22 /* 449577__zachrau__pigs-oinking.wav in Resources */ = {isa = PBXBuildFile; fileRef = 7CD30D6527EAC5FC002A0C22 /* 449577__zachrau__pigs-oinking.wav */; };
/* End PBXBuildFile section */

/* Begin PBXContainerItemProxy section */
		7CD30D4527EAC53D002A0C22 /* PBXContainerItemProxy */ = {
			isa = PBXContainerItemProxy;
			containerPortal = 7CD30D2727EAC53C002A0C22 /* Project object */;
			proxyType = 1;
			remoteGlobalIDString = 7CD30D2E27EAC53D002A0C22;
			remoteInfo = Sowoooo;
		};
		7CD30D4F27EAC53D002A0C22 /* PBXContainerItemProxy */ = {
			isa = PBXContainerItemProxy;
			containerPortal = 7CD30D2727EAC53C002A0C22 /* Project object */;
			proxyType = 1;
			remoteGlobalIDString = 7CD30D2E27EAC53D002A0C22;
			remoteInfo = Sowoooo;
		};
/* End PBXContainerItemProxy section */

/* Begin PBXFileReference section */
		7CD30D2F27EAC53D002A0C22 /* Sowoooo.app */ = {isa = PBXFileReference; explicitFileType = wrapper.application; includeInIndex = 0; path = Sowoooo.app; sourceTree = BUILT_PRODUCTS_DIR; };
		7CD30D3227EAC53D002A0C22 /* SowooooApp.swift */ = {isa = PBXFileReference; lastKnownFileType = sourcecode.swift; path = SowooooApp.swift; sourceTree = "<group>"; };
		7CD30D3427EAC53D002A0C22 /* ContentView.swift */ = {isa = PBXFileReference; lastKnownFileType = sourcecode.swift; path = ContentView.swift; sourceTree = "<group>"; };
		7CD30D3627EAC53D002A0C22 /* Assets.xcassets */ = {isa = PBXFileReference; lastKnownFileType = folder.assetcatalog; path = Assets.xcassets; sourceTree = "<group>"; };
		7CD30D3927EAC53D002A0C22 /* Preview Assets.xcassets */ = {isa = PBXFileReference; lastKnownFileType = folder.assetcatalog; path = "Preview Assets.xcassets"; sourceTree = "<group>"; };
		7CD30D3B27EAC53D002A0C22 /* Persistence.swift */ = {isa = PBXFileReference; lastKnownFileType = sourcecode.swift; path = Persistence.swift; sourceTree = "<group>"; };
		7CD30D3E27EAC53D002A0C22 /* Sowoooo.xcdatamodel */ = {isa = PBXFileReference; lastKnownFileType = wrapper.xcdatamodel; path = Sowoooo.xcdatamodel; sourceTree = "<group>"; };
		7CD30D4427EAC53D002A0C22 /* SowooooTests.xctest */ = {isa = PBXFileReference; explicitFileType = wrapper.cfbundle; includeInIndex = 0; path = SowooooTests.xctest; sourceTree = BUILT_PRODUCTS_DIR; };
		7CD30D4827EAC53D002A0C22 /* SowooooTests.swift */ = {isa = PBXFileReference; lastKnownFileType = sourcecode.swift; path = SowooooTests.swift; sourceTree = "<group>"; };
		7CD30D4E27EAC53D002A0C22 /* SowooooUITests.xctest */ = {isa = PBXFileReference; explicitFileType = wrapper.cfbundle; includeInIndex = 0; path = SowooooUITests.xctest; sourceTree = BUILT_PRODUCTS_DIR; };
		7CD30D5227EAC53D002A0C22 /* SowooooUITests.swift */ = {isa = PBXFileReference; lastKnownFileType = sourcecode.swift; path = SowooooUITests.swift; sourceTree = "<group>"; };
		7CD30D5427EAC53D002A0C22 /* SowooooUITestsLaunchTests.swift */ = {isa = PBXFileReference; lastKnownFileType = sourcecode.swift; path = SowooooUITestsLaunchTests.swift; sourceTree = "<group>"; };
		7CD30D6127EAC567002A0C22 /* Sounds.swift */ = {isa = PBXFileReference; lastKnownFileType = sourcecode.swift; path = Sounds.swift; sourceTree = "<group>"; };
		7CD30D6527EAC5FC002A0C22 /* 449577__zachrau__pigs-oinking.wav */ = {isa = PBXFileReference; lastKnownFileType = audio.wav; path = "449577__zachrau__pigs-oinking.wav"; sourceTree = "<group>"; };
/* End PBXFileReference section */

/* Begin PBXFrameworksBuildPhase section */
		7CD30D2C27EAC53D002A0C22 /* Frameworks */ = {
			isa = PBXFrameworksBuildPhase;
			buildActionMask = 2147483647;
			files = (
			);
			runOnlyForDeploymentPostprocessing = 0;
		};
		7CD30D4127EAC53D002A0C22 /* Frameworks */ = {
			isa = PBXFrameworksBuildPhase;
			buildActionMask = 2147483647;
			files = (
			);
			runOnlyForDeploymentPostprocessing = 0;
		};
		7CD30D4B27EAC53D002A0C22 /* Frameworks */ = {
			isa = PBXFrameworksBuildPhase;
			buildActionMask = 2147483647;
			files = (
			);
			runOnlyForDeploymentPostprocessing = 0;
		};
/* End PBXFrameworksBuildPhase section */

/* Begin PBXGroup section */
		7CD30D2627EAC53C002A0C22 = {
			isa = PBXGroup;
			children = (
				7CD30D3127EAC53D002A0C22 /* Sowoooo */,
				7CD30D4727EAC53D002A0C22 /* SowooooTests */,
				7CD30D5127EAC53D002A0C22 /* SowooooUITests */,
				7CD30D3027EAC53D002A0C22 /* Products */,
			);
			sourceTree = "<group>";
		};
		7CD30D3027EAC53D002A0C22 /* Products */ = {
			isa = PBXGroup;
			children = (
				7CD30D2F27EAC53D002A0C22 /* Sowoooo.app */,
				7CD30D4427EAC53D002A0C22 /* SowooooTests.xctest */,
				7CD30D4E27EAC53D002A0C22 /* SowooooUITests.xctest */,
			);
			name = Products;
			sourceTree = "<group>";
		};
		7CD30D3127EAC53D002A0C22 /* Sowoooo */ = {
			isa = PBXGroup;
			children = (
				7CD30D3227EAC53D002A0C22 /* SowooooApp.swift */,
				7CD30D3427EAC53D002A0C22 /* ContentView.swift */,
				7CD30D3627EAC53D002A0C22 /* Assets.xcassets */,
				7CD30D3B27EAC53D002A0C22 /* Persistence.swift */,
				7CD30D3D27EAC53D002A0C22 /* Sowoooo.xcdatamodeld */,
				7CD30D3827EAC53D002A0C22 /* Preview Content */,
				7CD30D6127EAC567002A0C22 /* Sounds.swift */,
				7CD30D6527EAC5FC002A0C22 /* 449577__zachrau__pigs-oinking.wav */,
			);
			path = Sowoooo;
			sourceTree = "<group>";
		};
		7CD30D3827EAC53D002A0C22 /* Preview Content */ = {
			isa = PBXGroup;
			children = (
				7CD30D3927EAC53D002A0C22 /* Preview Assets.xcassets */,
			);
			path = "Preview Content";
			sourceTree = "<group>";
		};
		7CD30D4727EAC53D002A0C22 /* SowooooTests */ = {
			isa = PBXGroup;
			children = (
				7CD30D4827EAC53D002A0C22 /* SowooooTests.swift */,
			);
			path = SowooooTests;
			sourceTree = "<group>";
		};
		7CD30D5127EAC53D002A0C22 /* SowooooUITests */ = {
			isa = PBXGroup;
			children = (
				7CD30D5227EAC53D002A0C22 /* SowooooUITests.swift */,
				7CD30D5427EAC53D002A0C22 /* SowooooUITestsLaunchTests.swift */,
			);
			path = SowooooUITests;
			sourceTree = "<group>";
		};
/* End PBXGroup section */

/* Begin PBXNativeTarget section */
		7CD30D2E27EAC53D002A0C22 /* Sowoooo */ = {
			isa = PBXNativeTarget;
			buildConfigurationList = 7CD30D5827EAC53D002A0C22 /* Build configuration list for PBXNativeTarget "Sowoooo" */;
			buildPhases = (
				7CD30D2B27EAC53D002A0C22 /* Sources */,
				7CD30D2C27EAC53D002A0C22 /* Frameworks */,
				7CD30D2D27EAC53D002A0C22 /* Resources */,
			);
			buildRules = (
			);
			dependencies = (
			);
			name = Sowoooo;
			productName = Sowoooo;
			productReference = 7CD30D2F27EAC53D002A0C22 /* Sowoooo.app */;
			productType = "com.apple.product-type.application";
		};
		7CD30D4327EAC53D002A0C22 /* SowooooTests */ = {
			isa = PBXNativeTarget;
			buildConfigurationList = 7CD30D5B27EAC53D002A0C22 /* Build configuration list for PBXNativeTarget "SowooooTests" */;
			buildPhases = (
				7CD30D4027EAC53D002A0C22 /* Sources */,
				7CD30D4127EAC53D002A0C22 /* Frameworks */,
				7CD30D4227EAC53D002A0C22 /* Resources */,
			);
			buildRules = (
			);
			dependencies = (
				7CD30D4627EAC53D002A0C22 /* PBXTargetDependency */,
			);
			name = SowooooTests;
			productName = SowooooTests;
			productReference = 7CD30D4427EAC53D002A0C22 /* SowooooTests.xctest */;
			productType = "com.apple.product-type.bundle.unit-test";
		};
		7CD30D4D27EAC53D002A0C22 /* SowooooUITests */ = {
			isa = PBXNativeTarget;
			buildConfigurationList = 7CD30D5E27EAC53D002A0C22 /* Build configuration list for PBXNativeTarget "SowooooUITests" */;
			buildPhases = (
				7CD30D4A27EAC53D002A0C22 /* Sources */,
				7CD30D4B27EAC53D002A0C22 /* Frameworks */,
				7CD30D4C27EAC53D002A0C22 /* Resources */,
			);
			buildRules = (
			);
			dependencies = (
				7CD30D5027EAC53D002A0C22 /* PBXTargetDependency */,
			);
			name = SowooooUITests;
			productName = SowooooUITests;
			productReference = 7CD30D4E27EAC53D002A0C22 /* SowooooUITests.xctest */;
			productType = "com.apple.product-type.bundle.ui-testing";
		};
/* End PBXNativeTarget section */

/* Begin PBXProject section */
		7CD30D2727EAC53C002A0C22 /* Project object */ = {
			isa = PBXProject;
			attributes = {
				BuildIndependentTargetsInParallel = 1;
				LastSwiftUpdateCheck = 1330;
				LastUpgradeCheck = 1330;
				TargetAttributes = {
					7CD30D2E27EAC53D002A0C22 = {
						CreatedOnToolsVersion = 13.3;
					};
					7CD30D4327EAC53D002A0C22 = {
						CreatedOnToolsVersion = 13.3;
						TestTargetID = 7CD30D2E27EAC53D002A0C22;
					};
					7CD30D4D27EAC53D002A0C22 = {
						CreatedOnToolsVersion = 13.3;
						TestTargetID = 7CD30D2E27EAC53D002A0C22;
					};
				};
			};
			buildConfigurationList = 7CD30D2A27EAC53C002A0C22 /* Build configuration list for PBXProject "Sowoooo" */;
			compatibilityVersion = "Xcode 13.0";
			developmentRegion = en;
			hasScannedForEncodings = 0;
			knownRegions = (
				en,
				Base,
			);
			mainGroup = 7CD30D2627EAC53C002A0C22;
			productRefGroup = 7CD30D3027EAC53D002A0C22 /* Products */;
			projectDirPath = "";
			projectRoot = "";
			targets = (
				7CD30D2E27EAC53D002A0C22 /* Sowoooo */,
				7CD30D4327EAC53D002A0C22 /* SowooooTests */,
				7CD30D4D27EAC53D002A0C22 /* SowooooUITests */,
			);
		};
/* End PBXProject section */

/* Begin PBXResourcesBuildPhase section */
		7CD30D2D27EAC53D002A0C22 /* Resources */ = {
			isa = PBXResourcesBuildPhase;
			buildActionMask = 2147483647;
			files = (
				7CD30D3A27EAC53D002A0C22 /* Preview Assets.xcassets in Resources */,
				7CD30D6627EAC5FC002A0C22 /* 449577__zachrau__pigs-oinking.wav in Resources */,
				7CD30D3727EAC53D002A0C22 /* Assets.xcassets in Resources */,
			);
			runOnlyForDeploymentPostprocessing = 0;
		};
		7CD30D4227EAC53D002A0C22 /* Resources */ = {
			isa = PBXResourcesBuildPhase;
			buildActionMask = 2147483647;
			files = (
				7CD30D6727EAC5FC002A0C22 /* 449577__zachrau__pigs-oinking.wav in Resources */,
			);
			runOnlyForDeploymentPostprocessing = 0;
		};
		7CD30D4C27EAC53D002A0C22 /* Resources */ = {
			isa = PBXResourcesBuildPhase;
			buildActionMask = 2147483647;
			files = (
				7CD30D6827EAC5FC002A0C22 /* 449577__zachrau__pigs-oinking.wav in Resources */,
			);
			runOnlyForDeploymentPostprocessing = 0;
		};
/* End PBXResourcesBuildPhase section */

/* Begin PBXSourcesBuildPhase section */
		7CD30D2B27EAC53D002A0C22 /* Sources */ = {
			isa = PBXSourcesBuildPhase;
			buildActionMask = 2147483647;
			files = (
				7CD30D3C27EAC53D002A0C22 /* Persistence.swift in Sources */,
				7CD30D3F27EAC53D002A0C22 /* Sowoooo.xcdatamodeld in Sources */,
				7CD30D6227EAC567002A0C22 /* Sounds.swift in Sources */,
				7CD30D3527EAC53D002A0C22 /* ContentView.swift in Sources */,
				7CD30D3327EAC53D002A0C22 /* SowooooApp.swift in Sources */,
			);
			runOnlyForDeploymentPostprocessing = 0;
		};
		7CD30D4027EAC53D002A0C22 /* Sources */ = {
			isa = PBXSourcesBuildPhase;
			buildActionMask = 2147483647;
			files = (
				7CD30D4927EAC53D002A0C22 /* SowooooTests.swift in Sources */,
				7CD30D6327EAC567002A0C22 /* Sounds.swift in Sources */,
			);
			runOnlyForDeploymentPostprocessing = 0;
		};
		7CD30D4A27EAC53D002A0C22 /* Sources */ = {
			isa = PBXSourcesBuildPhase;
			buildActionMask = 2147483647;
			files = (
				7CD30D6427EAC567002A0C22 /* Sounds.swift in Sources */,
				7CD30D5527EAC53D002A0C22 /* SowooooUITestsLaunchTests.swift in Sources */,
				7CD30D5327EAC53D002A0C22 /* SowooooUITests.swift in Sources */,
			);
			runOnlyForDeploymentPostprocessing = 0;
		};
/* End PBXSourcesBuildPhase section */

/* Begin PBXTargetDependency section */
		7CD30D4627EAC53D002A0C22 /* PBXTargetDependency */ = {
			isa = PBXTargetDependency;
			target = 7CD30D2E27EAC53D002A0C22 /* Sowoooo */;
			targetProxy = 7CD30D4527EAC53D002A0C22 /* PBXContainerItemProxy */;
		};
		7CD30D5027EAC53D002A0C22 /* PBXTargetDependency */ = {
			isa = PBXTargetDependency;
			target = 7CD30D2E27EAC53D002A0C22 /* Sowoooo */;
			targetProxy = 7CD30D4F27EAC53D002A0C22 /* PBXContainerItemProxy */;
		};
/* End PBXTargetDependency section */

/* Begin XCBuildConfiguration section */
		7CD30D5627EAC53D002A0C22 /* Debug */ = {
			isa = XCBuildConfiguration;
			buildSettings = {
				ALWAYS_SEARCH_USER_PATHS = NO;
				CLANG_ANALYZER_NONNULL = YES;
				CLANG_ANALYZER_NUMBER_OBJECT_CONVERSION = YES_AGGRESSIVE;
				CLANG_CXX_LANGUAGE_STANDARD = "gnu++17";
				CLANG_ENABLE_MODULES = YES;
				CLANG_ENABLE_OBJC_ARC = YES;
				CLANG_ENABLE_OBJC_WEAK = YES;
				CLANG_WARN_BLOCK_CAPTURE_AUTORELEASING = YES;
				CLANG_WARN_BOOL_CONVERSION = YES;
				CLANG_WARN_COMMA = YES;
				CLANG_WARN_CONSTANT_CONVERSION = YES;
				CLANG_WARN_DEPRECATED_OBJC_IMPLEMENTATIONS = YES;
				CLANG_WARN_DIRECT_OBJC_ISA_USAGE = YES_ERROR;
				CLANG_WARN_DOCUMENTATION_COMMENTS = YES;
				CLANG_WARN_EMPTY_BODY = YES;
				CLANG_WARN_ENUM_CONVERSION = YES;
				CLANG_WARN_INFINITE_RECURSION = YES;
				CLANG_WARN_INT_CONVERSION = YES;
				CLANG_WARN_NON_LITERAL_NULL_CONVERSION = YES;
				CLANG_WARN_OBJC_IMPLICIT_RETAIN_SELF = YES;
				CLANG_WARN_OBJC_LITERAL_CONVERSION = YES;
				CLANG_WARN_OBJC_ROOT_CLASS = YES_ERROR;
				CLANG_WARN_QUOTED_INCLUDE_IN_FRAMEWORK_HEADER = YES;
				CLANG_WARN_RANGE_LOOP_ANALYSIS = YES;
				CLANG_WARN_STRICT_PROTOTYPES = YES;
				CLANG_WARN_SUSPICIOUS_MOVE = YES;
				CLANG_WARN_UNGUARDED_AVAILABILITY = YES_AGGRESSIVE;
				CLANG_WARN_UNREACHABLE_CODE = YES;
				CLANG_WARN__DUPLICATE_METHOD_MATCH = YES;
				COPY_PHASE_STRIP = NO;
				DEBUG_INFORMATION_FORMAT = dwarf;
				ENABLE_STRICT_OBJC_MSGSEND = YES;
				ENABLE_TESTABILITY = YES;
				GCC_C_LANGUAGE_STANDARD = gnu11;
				GCC_DYNAMIC_NO_PIC = NO;
				GCC_NO_COMMON_BLOCKS = YES;
				GCC_OPTIMIZATION_LEVEL = 0;
				GCC_PREPROCESSOR_DEFINITIONS = (
					"DEBUG=1",
					"$(inherited)",
				);
				GCC_WARN_64_TO_32_BIT_CONVERSION = YES;
				GCC_WARN_ABOUT_RETURN_TYPE = YES_ERROR;
				GCC_WARN_UNDECLARED_SELECTOR = YES;
				GCC_WARN_UNINITIALIZED_AUTOS = YES_AGGRESSIVE;
				GCC_WARN_UNUSED_FUNCTION = YES;
				GCC_WARN_UNUSED_VARIABLE = YES;
				IPHONEOS_DEPLOYMENT_TARGET = 15.4;
				MTL_ENABLE_DEBUG_INFO = INCLUDE_SOURCE;
				MTL_FAST_MATH = YES;
				ONLY_ACTIVE_ARCH = YES;
				SDKROOT = iphoneos;
				SWIFT_ACTIVE_COMPILATION_CONDITIONS = DEBUG;
				SWIFT_OPTIMIZATION_LEVEL = "-Onone";
			};
			name = Debug;
		};
		7CD30D5727EAC53D002A0C22 /* Release */ = {
			isa = XCBuildConfiguration;
			buildSettings = {
				ALWAYS_SEARCH_USER_PATHS = NO;
				CLANG_ANALYZER_NONNULL = YES;
				CLANG_ANALYZER_NUMBER_OBJECT_CONVERSION = YES_AGGRESSIVE;
				CLANG_CXX_LANGUAGE_STANDARD = "gnu++17";
				CLANG_ENABLE_MODULES = YES;
				CLANG_ENABLE_OBJC_ARC = YES;
				CLANG_ENABLE_OBJC_WEAK = YES;
				CLANG_WARN_BLOCK_CAPTURE_AUTORELEASING = YES;
				CLANG_WARN_BOOL_CONVERSION = YES;
				CLANG_WARN_COMMA = YES;
				CLANG_WARN_CONSTANT_CONVERSION = YES;
				CLANG_WARN_DEPRECATED_OBJC_IMPLEMENTATIONS = YES;
				CLANG_WARN_DIRECT_OBJC_ISA_USAGE = YES_ERROR;
				CLANG_WARN_DOCUMENTATION_COMMENTS = YES;
				CLANG_WARN_EMPTY_BODY = YES;
				CLANG_WARN_ENUM_CONVERSION = YES;
				CLANG_WARN_INFINITE_RECURSION = YES;
				CLANG_WARN_INT_CONVERSION = YES;
				CLANG_WARN_NON_LITERAL_NULL_CONVERSION = YES;
				CLANG_WARN_OBJC_IMPLICIT_RETAIN_SELF = YES;
				CLANG_WARN_OBJC_LITERAL_CONVERSION = YES;
				CLANG_WARN_OBJC_ROOT_CLASS = YES_ERROR;
				CLANG_WARN_QUOTED_INCLUDE_IN_FRAMEWORK_HEADER = YES;
				CLANG_WARN_RANGE_LOOP_ANALYSIS = YES;
				CLANG_WARN_STRICT_PROTOTYPES = YES;
				CLANG_WARN_SUSPICIOUS_MOVE = YES;
				CLANG_WARN_UNGUARDED_AVAILABILITY = YES_AGGRESSIVE;
				CLANG_WARN_UNREACHABLE_CODE = YES;
				CLANG_WARN__DUPLICATE_METHOD_MATCH = YES;
				COPY_PHASE_STRIP = NO;
				DEBUG_INFORMATION_FORMAT = "dwarf-with-dsym";
				ENABLE_NS_ASSERTIONS = NO;
				ENABLE_STRICT_OBJC_MSGSEND = YES;
				GCC_C_LANGUAGE_STANDARD = gnu11;
				GCC_NO_COMMON_BLOCKS = YES;
				GCC_WARN_64_TO_32_BIT_CONVERSION = YES;
				GCC_WARN_ABOUT_RETURN_TYPE = YES_ERROR;
				GCC_WARN_UNDECLARED_SELECTOR = YES;
				GCC_WARN_UNINITIALIZED_AUTOS = YES_AGGRESSIVE;
				GCC_WARN_UNUSED_FUNCTION = YES;
				GCC_WARN_UNUSED_VARIABLE = YES;
				IPHONEOS_DEPLOYMENT_TARGET = 15.4;
				MTL_ENABLE_DEBUG_INFO = NO;
				MTL_FAST_MATH = YES;
				SDKROOT = iphoneos;
				SWIFT_COMPILATION_MODE = wholemodule;
				SWIFT_OPTIMIZATION_LEVEL = "-O";
				VALIDATE_PRODUCT = YES;
			};
			name = Release;
		};
		7CD30D5927EAC53D002A0C22 /* Debug */ = {
			isa = XCBuildConfiguration;
			buildSettings = {
				ASSETCATALOG_COMPILER_APPICON_NAME = AppIcon;
				ASSETCATALOG_COMPILER_GLOBAL_ACCENT_COLOR_NAME = AccentColor;
				CODE_SIGN_STYLE = Automatic;
				CURRENT_PROJECT_VERSION = 1;
				DEVELOPMENT_ASSET_PATHS = "\"Sowoooo/Preview Content\"";
				DEVELOPMENT_TEAM = HLJPPMC6NY;
				ENABLE_PREVIEWS = YES;
				GENERATE_INFOPLIST_FILE = YES;
				INFOPLIST_KEY_UIApplicationSceneManifest_Generation = YES;
				INFOPLIST_KEY_UIApplicationSupportsIndirectInputEvents = YES;
				INFOPLIST_KEY_UILaunchScreen_Generation = YES;
				INFOPLIST_KEY_UISupportedInterfaceOrientations_iPad = "UIInterfaceOrientationPortrait UIInterfaceOrientationPortraitUpsideDown UIInterfaceOrientationLandscapeLeft UIInterfaceOrientationLandscapeRight";
				INFOPLIST_KEY_UISupportedInterfaceOrientations_iPhone = "UIInterfaceOrientationPortrait UIInterfaceOrientationLandscapeLeft UIInterfaceOrientationLandscapeRight";
				LD_RUNPATH_SEARCH_PATHS = (
					"$(inherited)",
					"@executable_path/Frameworks",
				);
				MARKETING_VERSION = 1.0;
				PRODUCT_BUNDLE_IDENTIFIER = com.Quilty.Sowoooo;
				PRODUCT_NAME = Sowoooo;
				SWIFT_EMIT_LOC_STRINGS = YES;
				SWIFT_VERSION = 5.0;
				TARGETED_DEVICE_FAMILY = "1,2";
			};
			name = Debug;
		};
		7CD30D5A27EAC53D002A0C22 /* Release */ = {
			isa = XCBuildConfiguration;
			buildSettings = {
				ASSETCATALOG_COMPILER_APPICON_NAME = AppIcon;
				ASSETCATALOG_COMPILER_GLOBAL_ACCENT_COLOR_NAME = AccentColor;
				CODE_SIGN_STYLE = Automatic;
				CURRENT_PROJECT_VERSION = 1;
				DEVELOPMENT_ASSET_PATHS = "\"Sowoooo/Preview Content\"";
				DEVELOPMENT_TEAM = HLJPPMC6NY;
				ENABLE_PREVIEWS = YES;
				GENERATE_INFOPLIST_FILE = YES;
				INFOPLIST_KEY_UIApplicationSceneManifest_Generation = YES;
				INFOPLIST_KEY_UIApplicationSupportsIndirectInputEvents = YES;
				INFOPLIST_KEY_UILaunchScreen_Generation = YES;
				INFOPLIST_KEY_UISupportedInterfaceOrientations_iPad = "UIInterfaceOrientationPortrait UIInterfaceOrientationPortraitUpsideDown UIInterfaceOrientationLandscapeLeft UIInterfaceOrientationLandscapeRight";
				INFOPLIST_KEY_UISupportedInterfaceOrientations_iPhone = "UIInterfaceOrientationPortrait UIInterfaceOrientationLandscapeLeft UIInterfaceOrientationLandscapeRight";
				LD_RUNPATH_SEARCH_PATHS = (
					"$(inherited)",
					"@executable_path/Frameworks",
				);
				MARKETING_VERSION = 1.0;
				PRODUCT_BUNDLE_IDENTIFIER = com.Quilty.Sowoooo;
				PRODUCT_NAME = Sowoooo;
				SWIFT_EMIT_LOC_STRINGS = YES;
				SWIFT_VERSION = 5.0;
				TARGETED_DEVICE_FAMILY = "1,2";
			};
			name = Release;
		};
		7CD30D5C27EAC53D002A0C22 /* Debug */ = {
			isa = XCBuildConfiguration;
			buildSettings = {
				ALWAYS_EMBED_SWIFT_STANDARD_LIBRARIES = YES;
				BUNDLE_LOADER = "$(TEST_HOST)";
				CODE_SIGN_STYLE = Automatic;
				CURRENT_PROJECT_VERSION = 1;
				DEVELOPMENT_TEAM = HLJPPMC6NY;
				GENERATE_INFOPLIST_FILE = YES;
				IPHONEOS_DEPLOYMENT_TARGET = 15.4;
				MARKETING_VERSION = 1.0;
				PRODUCT_BUNDLE_IDENTIFIER = com.Quilty.SowooooTests;
				PRODUCT_NAME = "$(TARGET_NAME)";
				SWIFT_EMIT_LOC_STRINGS = NO;
				SWIFT_VERSION = 5.0;
				TARGETED_DEVICE_FAMILY = "1,2";
				TEST_HOST = "$(BUILT_PRODUCTS_DIR)/Sowoooo.app/Sowoooo";
			};
			name = Debug;
		};
		7CD30D5D27EAC53D002A0C22 /* Release */ = {
			isa = XCBuildConfiguration;
			buildSettings = {
				ALWAYS_EMBED_SWIFT_STANDARD_LIBRARIES = YES;
				BUNDLE_LOADER = "$(TEST_HOST)";
				CODE_SIGN_STYLE = Automatic;
				CURRENT_PROJECT_VERSION = 1;
				DEVELOPMENT_TEAM = HLJPPMC6NY;
				GENERATE_INFOPLIST_FILE = YES;
				IPHONEOS_DEPLOYMENT_TARGET = 15.4;
				MARKETING_VERSION = 1.0;
				PRODUCT_BUNDLE_IDENTIFIER = com.Quilty.SowooooTests;
				PRODUCT_NAME = "$(TARGET_NAME)";
				SWIFT_EMIT_LOC_STRINGS = NO;
				SWIFT_VERSION = 5.0;
				TARGETED_DEVICE_FAMILY = "1,2";
				TEST_HOST = "$(BUILT_PRODUCTS_DIR)/Sowoooo.app/Sowoooo";
			};
			name = Release;
		};
		7CD30D5F27EAC53D002A0C22 /* Debug */ = {
			isa = XCBuildConfiguration;
			buildSettings = {
				ALWAYS_EMBED_SWIFT_STANDARD_LIBRARIES = YES;
				CODE_SIGN_STYLE = Automatic;
				CURRENT_PROJECT_VERSION = 1;
				DEVELOPMENT_TEAM = HLJPPMC6NY;
				GENERATE_INFOPLIST_FILE = YES;
				MARKETING_VERSION = 1.0;
				PRODUCT_BUNDLE_IDENTIFIER = com.Quilty.SowooooUITests;
				PRODUCT_NAME = "$(TARGET_NAME)";
				SWIFT_EMIT_LOC_STRINGS = NO;
				SWIFT_VERSION = 5.0;
				TARGETED_DEVICE_FAMILY = "1,2";
				TEST_TARGET_NAME = Sowoooo;
			};
			name = Debug;
		};
		7CD30D6027EAC53D002A0C22 /* Release */ = {
			isa = XCBuildConfiguration;
			buildSettings = {
				ALWAYS_EMBED_SWIFT_STANDARD_LIBRARIES = YES;
				CODE_SIGN_STYLE = Automatic;
				CURRENT_PROJECT_VERSION = 1;
				DEVELOPMENT_TEAM = HLJPPMC6NY;
				GENERATE_INFOPLIST_FILE = YES;
				MARKETING_VERSION = 1.0;
				PRODUCT_BUNDLE_IDENTIFIER = com.Quilty.SowooooUITests;
				PRODUCT_NAME = "$(TARGET_NAME)";
				SWIFT_EMIT_LOC_STRINGS = NO;
				SWIFT_VERSION = 5.0;
				TARGETED_DEVICE_FAMILY = "1,2";
				TEST_TARGET_NAME = Sowoooo;
			};
			name = Release;
		};
/* End XCBuildConfiguration section */

/* Begin XCConfigurationList section */
		7CD30D2A27EAC53C002A0C22 /* Build configuration list for PBXProject "Sowoooo" */ = {
			isa = XCConfigurationList;
			buildConfigurations = (
				7CD30D5627EAC53D002A0C22 /* Debug */,
				7CD30D5727EAC53D002A0C22 /* Release */,
			);
			defaultConfigurationIsVisible = 0;
			defaultConfigurationName = Release;
		};
		7CD30D5827EAC53D002A0C22 /* Build configuration list for PBXNativeTarget "Sowoooo" */ = {
			isa = XCConfigurationList;
			buildConfigurations = (
				7CD30D5927EAC53D002A0C22 /* Debug */,
				7CD30D5A27EAC53D002A0C22 /* Release */,
			);
			defaultConfigurationIsVisible = 0;
			defaultConfigurationName = Release;
		};
		7CD30D5B27EAC53D002A0C22 /* Build configuration list for PBXNativeTarget "SowooooTests" */ = {
			isa = XCConfigurationList;
			buildConfigurations = (
				7CD30D5C27EAC53D002A0C22 /* Debug */,
				7CD30D5D27EAC53D002A0C22 /* Release */,
			);
			defaultConfigurationIsVisible = 0;
			defaultConfigurationName = Release;
		};
		7CD30D5E27EAC53D002A0C22 /* Build configuration list for PBXNativeTarget "SowooooUITests" */ = {
			isa = XCConfigurationList;
			buildConfigurations = (
				7CD30D5F27EAC53D002A0C22 /* Debug */,
				7CD30D6027EAC53D002A0C22 /* Release */,
			);
			defaultConfigurationIsVisible = 0;
			defaultConfigurationName = Release;
		};
/* End XCConfigurationList section */

/* Begin XCVersionGroup section */
		7CD30D3D27EAC53D002A0C22 /* Sowoooo.xcdatamodeld */ = {
			isa = XCVersionGroup;
			children = (
				7CD30D3E27EAC53D002A0C22 /* Sowoooo.xcdatamodel */,
			);
			currentVersion = 7CD30D3E27EAC53D002A0C22 /* Sowoooo.xcdatamodel */;
			path = Sowoooo.xcdatamodeld;
			sourceTree = "<group>";
			versionGroupType = wrapper.xcdatamodel;
		};
/* End XCVersionGroup section */
	};
	rootObject = 7CD30D2727EAC53C002A0C22 /* Project object */;
}
